// !$*UTF8*$!
{
	archiveVersion = 1;
	classes = {
	};
	objectVersion = 46;
	objects = {
/* Begin PBXBuildFile section */
		0207DA581B56EA530066E2B4 /* Images.xcassets in Resources */ = {isa = PBXBuildFile; fileRef = 0207DA571B56EA530066E2B4 /* Images.xcassets */; };
		05D86B3524F34E0CB2FEF731 /* Base64.m in Sources */ = {isa = PBXBuildFile; fileRef = 6052117EA63947B981F98F49 /* Base64.m */; };
		0987C7255E164F7F983CDC99 /* Diagnostic.m in Sources */ = {isa = PBXBuildFile; fileRef = A2099F3F28E343B88CEA34E6 /* Diagnostic.m */; };
		09A5861201124666A5E3D78D /* DownloadManager.m in Sources */ = {isa = PBXBuildFile; fileRef = 7A01BA6CA81648C181EF6E65 /* DownloadManager.m */; };
		0CF424ECAA2A42DD9AE4DB80 /* UNIHTTPBinaryResponse.m in Sources */ = {isa = PBXBuildFile; fileRef = 28B2AB0922AD420DA8CCF145 /* UNIHTTPBinaryResponse.m */; };
		141DDED68E0C4504B3C38183 /* libc++.tbd in Frameworks */ = {isa = PBXBuildFile; fileRef = BEC86E58CA2E49C7B572E470 /* libc++.tbd */; };
		142C276259E249D681C2495F /* CDVStatusBar.m in Sources */ = {isa = PBXBuildFile; fileRef = 5EAA1D2757924553A8BA9EED /* CDVStatusBar.m */; };
		14E8EDD427BD415EB6C15FD3 /* UNIHTTPRequestWithBody.m in Sources */ = {isa = PBXBuildFile; fileRef = B4F5450D1B904A0F87E72708 /* UNIHTTPRequestWithBody.m */; };
		16021BD4D01D423190BEC049 /* UNIHTTPJsonResponse.m in Sources */ = {isa = PBXBuildFile; fileRef = 68A66F393B76496FB463F989 /* UNIHTTPJsonResponse.m */; };
		17962AFAADB041E48124D621 /* UNIBaseRequest.m in Sources */ = {isa = PBXBuildFile; fileRef = 5C8AE501F29643A89EB3E932 /* UNIBaseRequest.m */; };
		1C071818D746412B96B4BD84 /* CMMapLauncher.m in Sources */ = {isa = PBXBuildFile; fileRef = ACFA3633C4C14844BF99D789 /* CMMapLauncher.m */; };
		1D3623260D0F684500981E51 /* AppDelegate.m in Sources */ = {isa = PBXBuildFile; fileRef = 1D3623250D0F684500981E51 /* AppDelegate.m */; };
		1D60589B0D05DD56006BFB54 /* main.m in Sources */ = {isa = PBXBuildFile; fileRef = 29B97316FDCFA39411CA2CEA /* main.m */; };
		1E59B7B66D594316BF1B67A9 /* CDVAssetLibraryFilesystem.m in Sources */ = {isa = PBXBuildFile; fileRef = 6AB952F3FF11415CAD17D21A /* CDVAssetLibraryFilesystem.m */; };
		23E2CB889DF8468680FAE9DE /* UNIHTTPStringResponse.m in Sources */ = {isa = PBXBuildFile; fileRef = 4BF4E334FEE34BB2AA728AF4 /* UNIHTTPStringResponse.m */; };
		25EFC0ED8B7349928E33DE2B /* Security.framework in Frameworks */ = {isa = PBXBuildFile; fileRef = AF3D9009E1744C08BF64878F /* Security.framework */; };
		272C555D2D48407B95BB8C8A /* zutil.c in Sources */ = {isa = PBXBuildFile; fileRef = 8096E65C09194E6D899F0C79 /* zutil.c */; };
		278A5A30E4044D21823D6DE0 /* FCMPlugin.m in Sources */ = {isa = PBXBuildFile; fileRef = CAEAD797ED884F0F913D0258 /* FCMPlugin.m */; };
		2B78B9E7D9414F9C8F366708 /* Contacts.framework in Frameworks */ = {isa = PBXBuildFile; fileRef = C037AAF785724E6D9CB1D143 /* Contacts.framework */; };
		301BF552109A68D80062928A /* libCordova.a in Frameworks */ = {isa = PBXBuildFile; fileRef = 301BF535109A57CC0062928A /* libCordova.a */; };
		302D95F114D2391D003F00A1 /* MainViewController.m in Sources */ = {isa = PBXBuildFile; fileRef = 302D95EF14D2391D003F00A1 /* MainViewController.m */; };
		302D95F214D2391D003F00A1 /* MainViewController.xib in Resources */ = {isa = PBXBuildFile; fileRef = 302D95F014D2391D003F00A1 /* MainViewController.xib */; };
		306980C5A6974F79AFD4EE8E /* IonicConstant.m in Sources */ = {isa = PBXBuildFile; fileRef = D2A8B9EADAB448328F45E2BB /* IonicConstant.m */; };
		3542DD0BB55C4A43BD581181 /* IonicCordovaCommon.swift in Sources */ = {isa = PBXBuildFile; fileRef = 6A76C49CC85044F1AAD888D3 /* IonicCordovaCommon.swift */; };
		35E47B1302F74F1E857B6E38 /* UIImage+CropScaleOrientation.m in Sources */ = {isa = PBXBuildFile; fileRef = C5BC7CB78DEA4A138C2D02A8 /* UIImage+CropScaleOrientation.m */; };
		3612F38646994796A6779E44 /* ioapi.c in Sources */ = {isa = PBXBuildFile; fileRef = 57859DB2BC374B13BC671AB6 /* ioapi.c */; };
		3F66AC831AD849D6A40149AA /* CoreMotion.framework in Frameworks */ = {isa = PBXBuildFile; fileRef = 4D63AB0452794E64A096307C /* CoreMotion.framework */; };
		44D2E6B9A7274349AFAE32EA /* ActionSheet.m in Sources */ = {isa = PBXBuildFile; fileRef = 4307FE319D174F03BA9EF8F3 /* ActionSheet.m */; };
		463DF58CDE6A41029C727DCF /* CDVFileTransfer.m in Sources */ = {isa = PBXBuildFile; fileRef = AF93482CD35744D8B2FB2090 /* CDVFileTransfer.m */; };
		51F50D7CB7794A20B5FB7BAA /* CDVLocation.m in Sources */ = {isa = PBXBuildFile; fileRef = 84A9D37B4B3C4748A2BC10AD /* CDVLocation.m */; };
		543E71CAFF5942CEA4C64027 /* trees.c in Sources */ = {isa = PBXBuildFile; fileRef = 15A37105FAC8496DB837D783 /* trees.c */; };
		5A0632C8887240C8956B349C /* libz.tbd in Frameworks */ = {isa = PBXBuildFile; fileRef = E87B25593FFF4122A1E60FB7 /* libz.tbd */; };
		5A0C8D49784C4134A2CB7427 /* inflate.c in Sources */ = {isa = PBXBuildFile; fileRef = 6BC88AE5E08E45F8BBF41408 /* inflate.c */; };
		5AF52A401069487791169CFD /* AddressBook.framework in Frameworks */ = {isa = PBXBuildFile; fileRef = 46971A16FEED499CB9D510E8 /* AddressBook.framework */; };
		63408711501944938A4FD87A /* compress.c in Sources */ = {isa = PBXBuildFile; fileRef = B32FF15CEC784B469F59F5FE /* compress.c */; };
		66967D9902E24828AE0AA21F /* FirebaseCore.framework in Frameworks */ = {isa = PBXBuildFile; fileRef = D66095E347BF42DB9C198B99 /* FirebaseCore.framework */; };
		66F8ACC822264CDE9FD62914 /* CoreTelephony.framework in Frameworks */ = {isa = PBXBuildFile; fileRef = 1E8B17E32B70469A8CE2A3D7 /* CoreTelephony.framework */; };
		6AFF5BF91D6E424B00AB3073 /* CDVLaunchScreen.storyboard in Resources */ = {isa = PBXBuildFile; fileRef = 6AFF5BF81D6E424B00AB3073 /* CDVLaunchScreen.storyboard */; };
		6DAE106635D64F73A1777C74 /* GoogleUtilities.framework in Frameworks */ = {isa = PBXBuildFile; fileRef = E218ECBE430C4D559AC71F1F /* GoogleUtilities.framework */; };
		717A4B48382A4F3D8A84C29E /* crc32.c in Sources */ = {isa = PBXBuildFile; fileRef = 23D7A8B8EF6F40CB99499368 /* crc32.c */; };
		731C69ABAC0A4DCBA5E7E912 /* FileOpener2.m in Sources */ = {isa = PBXBuildFile; fileRef = 874E4FA77EA64D36B51AA6C9 /* FileOpener2.m */; };
		757F71CE695749DD83816263 /* gzread.c in Sources */ = {isa = PBXBuildFile; fileRef = F68983C9D96F410EA7C91586 /* gzread.c */; };
		76471460E7E74F619D17FCD9 /* CoreBluetooth.framework in Frameworks */ = {isa = PBXBuildFile; fileRef = E5166B27B1DE4E80B0326D17 /* CoreBluetooth.framework */; };
		7E92DE8872A6474B90721DE0 /* CDVJpegHeaderWriter.m in Sources */ = {isa = PBXBuildFile; fileRef = 568D4DE472BC42F49658BCDE /* CDVJpegHeaderWriter.m */; };
		813837495FC74960BEBD0263 /* IonicKeyboard.m in Sources */ = {isa = PBXBuildFile; fileRef = 2F5A445BF6AD4BB5ABB93D33 /* IonicKeyboard.m */; };
		81E4E01192904700825C9A53 /* infback.c in Sources */ = {isa = PBXBuildFile; fileRef = 6ADECD0C4A524D04B09D32B8 /* infback.c */; };
		85E540E13C5C4458B2D36A60 /* GoogleIPhoneUtilities.framework in Frameworks */ = {isa = PBXBuildFile; fileRef = 032FB043AC574736AD1594DC /* GoogleIPhoneUtilities.framework */; };
		880356E73E72409DA7A4AB9D /* Photos.framework in Frameworks */ = {isa = PBXBuildFile; fileRef = 060D82E663B44BB7B4037C24 /* Photos.framework */; };
		8C2ECB2A0B694A25B91C934B /* UNIHTTPRequest.m in Sources */ = {isa = PBXBuildFile; fileRef = E4887C66374048F1A57610D7 /* UNIHTTPRequest.m */; };
		8C55DE4C3FEB45279D4EEF58 /* inffast.c in Sources */ = {isa = PBXBuildFile; fileRef = 8FEDCE3463554DF39609997D /* inffast.c */; };
		9458F374628A44C38212EB1B /* LaunchNavigator.m in Sources */ = {isa = PBXBuildFile; fileRef = CBF5EF63BE1943C699A69151 /* LaunchNavigator.m */; };
		9521FB5BB1AE42A19917CE17 /* CFCallNumber.m in Sources */ = {isa = PBXBuildFile; fileRef = BB178273FDCD4293B043856A /* CFCallNumber.m */; };
		96ED179E10724B3FB0118A72 /* Sim.m in Sources */ = {isa = PBXBuildFile; fileRef = 014C685B2D3B49D5B35ACCC4 /* Sim.m */; };
		9746B9DFA1584DFA8FF894EB /* AVFoundation.framework in Frameworks */ = {isa = PBXBuildFile; fileRef = AEEF0B7858234E6CA7CA07EB /* AVFoundation.framework */; };
		99D6C3A6958F4CCEAABC4403 /* ImageIO.framework in Frameworks */ = {isa = PBXBuildFile; fileRef = EF98431D78EA4258AB1116AD /* ImageIO.framework */; settings = {ATTRIBUTES = (Weak, ); }; };
		A384C84C17504AEE9479B672 /* FirebaseMessaging.framework in Frameworks */ = {isa = PBXBuildFile; fileRef = 9467D405E9504A2B85E47A5C /* FirebaseMessaging.framework */; };
		A52D5DDAACB74E1C9875EF90 /* gzwrite.c in Sources */ = {isa = PBXBuildFile; fileRef = E766FBCC36F64464B9D26059 /* gzwrite.c */; };
		A605D3496578455D9230464E /* CDVReachability.m in Sources */ = {isa = PBXBuildFile; fileRef = 6A217C1822A5450DAB8FED4D /* CDVReachability.m */; };
		AC5A895176D04F5AAE879527 /* UNISimpleRequest.m in Sources */ = {isa = PBXBuildFile; fileRef = AF92EFA86A0D4390B9B0B11A /* UNISimpleRequest.m */; };
		B2C356956855433CB2562F7E /* CoreLocation.framework in Frameworks */ = {isa = PBXBuildFile; fileRef = E9755068D8E54C23822E7F63 /* CoreLocation.framework */; };
		B36D63BD048347FCA6DB482F /* UNIUrlConnection.m in Sources */ = {isa = PBXBuildFile; fileRef = 419296E5EB294FCDA3868B32 /* UNIUrlConnection.m */; };
		B3C4FEA11DDC4B1FBEF73794 /* GoogleService-Info.plist in Resources */ = {isa = PBXBuildFile; fileRef = 45A827C3D41A4A2C84A3678F /* GoogleService-Info.plist */; };
		B3E2B7E70D5F4461887DD435 /* CDVCamera.m in Sources */ = {isa = PBXBuildFile; fileRef = 971692CB81C24136916C3816 /* CDVCamera.m */; };
		B6376FEC4A0543D78BE44901 /* CDVFile.m in Sources */ = {isa = PBXBuildFile; fileRef = 6ADF72C965E440AFB9ED1E40 /* CDVFile.m */; };
		B8C22E758E18466DB5F3E7C5 /* UNIHTTPClientHelper.m in Sources */ = {isa = PBXBuildFile; fileRef = CB5A95AEA5F1469BAB490731 /* UNIHTTPClientHelper.m */; };
		B9CCC1F2B0E640BFA3355869 /* inftrees.c in Sources */ = {isa = PBXBuildFile; fileRef = 3263238311104B19AD6C9D25 /* inftrees.c */; };
		BF64266F753E4F2F88B5C6F2 /* IonicDeploy.m in Sources */ = {isa = PBXBuildFile; fileRef = F9BD766EC38C412786F66D81 /* IonicDeploy.m */; };
		C9F10A0EB6E44C42AE8D9534 /* UNIRest.m in Sources */ = {isa = PBXBuildFile; fileRef = 03F87469721441F78A4A9B0C /* UNIRest.m */; };
		CA9631921D3C45EF9DD057A3 /* uncompr.c in Sources */ = {isa = PBXBuildFile; fileRef = 5CDC014B7D4948D0B7215253 /* uncompr.c */; };
		CD882EB05B7448DC8B111F63 /* SystemConfiguration.framework in Frameworks */ = {isa = PBXBuildFile; fileRef = 997C53793F2048DF993F5D08 /* SystemConfiguration.framework */; settings = {ATTRIBUTES = (Weak, ); }; };
		D1DED9730DA74B7CB159767E /* libsqlite3.0.tbd in Frameworks */ = {isa = PBXBuildFile; fileRef = 87BD5F2F9A2F4C5D8E30BC46 /* libsqlite3.0.tbd */; };
		D338F032B77B44F488C7D993 /* CDVConnection.m in Sources */ = {isa = PBXBuildFile; fileRef = FD0F1C88EEC24619ACB2DA90 /* CDVConnection.m */; };
		D759400D897A44C5BB4AAF5B /* gzclose.c in Sources */ = {isa = PBXBuildFile; fileRef = 7D3962B40B7F4FB1B28C2311 /* gzclose.c */; };
		D8665ADD894C4405A13219E9 /* CDVSplashScreen.m in Sources */ = {isa = PBXBuildFile; fileRef = 7D0FAD1B8B3842BE9C7F228B /* CDVSplashScreen.m */; };
		D9E1A205B1C449B6B80544E3 /* EventKit.framework in Frameworks */ = {isa = PBXBuildFile; fileRef = 16FD35069A7143599A1622FA /* EventKit.framework */; };
		DA6FC281BFA24EBFBEF05624 /* UNIJsonNode.m in Sources */ = {isa = PBXBuildFile; fileRef = 87FCC3EC8042439F92270337 /* UNIJsonNode.m */; };
		DC0B2D2596BE4F1CA1C397DD /* SSZipArchive.m in Sources */ = {isa = PBXBuildFile; fileRef = 94A7A9FD35F04FBCBCB4838F /* SSZipArchive.m */; };
		DC414D9F7FA046289027D990 /* adler32.c in Sources */ = {isa = PBXBuildFile; fileRef = 1B2DCB0758E04201B05D2EE2 /* adler32.c */; };
		DC585BD36FC24FDF8DC9BECE /* UNIHTTPResponse.m in Sources */ = {isa = PBXBuildFile; fileRef = 1FF7FBD01A7F4B3092354376 /* UNIHTTPResponse.m */; };
		DD0988857341409B94859F7A /* FirebaseAnalytics.framework in Frameworks */ = {isa = PBXBuildFile; fileRef = DCD26910EA8344BBB484F633 /* FirebaseAnalytics.framework */; };
		E08FB3CEC2034623A9E03158 /* zip.c in Sources */ = {isa = PBXBuildFile; fileRef = E5C0F971EE374E36A9C16843 /* zip.c */; };
		E194816B9F204C4889AC8AC0 /* APPBadge.m in Sources */ = {isa = PBXBuildFile; fileRef = B7E9F3EE148442E585AA475D /* APPBadge.m */; };
		E31B114EA18C4D7A91334F50 /* CDVInAppBrowser.m in Sources */ = {isa = PBXBuildFile; fileRef = F6274B541AC645698CD929AE /* CDVInAppBrowser.m */; };
		E626DB35119B4EBE95E1289B /* CDVSplashScreen+IonicDeploy.m in Sources */ = {isa = PBXBuildFile; fileRef = 5387E3E685384BAFB9AE8FA1 /* CDVSplashScreen+IonicDeploy.m */; };
		E8DB598448904518AC2E8E30 /* Download.m in Sources */ = {isa = PBXBuildFile; fileRef = 08582D9851984D51A6C55EA9 /* Download.m */; };
		EC6483D7FDEF459EA60D2366 /* FirebaseInstanceID.framework in Frameworks */ = {isa = PBXBuildFile; fileRef = 5439740085D54787BD6A7B8E /* FirebaseInstanceID.framework */; };
		EDFB9361E039451D8DD2A219 /* UNIBodyRequest.m in Sources */ = {isa = PBXBuildFile; fileRef = 5551F2B580534BD09DA9500D /* UNIBodyRequest.m */; };
		F1076C61DACC4C71B0C9F598 /* CDVLocalFilesystem.m in Sources */ = {isa = PBXBuildFile; fileRef = 85D48E96D78A47648B399929 /* CDVLocalFilesystem.m */; };
		F117C2F0FE464FEBB51BB67A /* UserNotifications.framework in Frameworks */ = {isa = PBXBuildFile; fileRef = 89DB679E376B4AAB90332FDE /* UserNotifications.framework */; };
		F287FAFCA27F4AD5A8989A4D /* AppDelegate+FCMPlugin.m in Sources */ = {isa = PBXBuildFile; fileRef = B2B1462908D54353AABD9BEA /* AppDelegate+FCMPlugin.m */; };
		F38E6E5D065545EC903FAFF1 /* CDVViewController+SplashScreen.m in Sources */ = {isa = PBXBuildFile; fileRef = B4F8289BB8EE4C1484A0E396 /* CDVViewController+SplashScreen.m */; };
		F5BDA3F5135146189DFAF6F8 /* GoogleInterchangeUtilities.framework in Frameworks */ = {isa = PBXBuildFile; fileRef = 4974E70448EE4D6CAF94731B /* GoogleInterchangeUtilities.framework */; };
		F6DFDBE108F0474491C1E21B /* gzlib.c in Sources */ = {isa = PBXBuildFile; fileRef = 22F99047ECE04E27B514973A /* gzlib.c */; };
		FA7C0DE88D724F229A9F0D11 /* unzip.c in Sources */ = {isa = PBXBuildFile; fileRef = B8AE6C766B6647259F8264E5 /* unzip.c */; };
		FE31D8F982C44CDEBA6D2492 /* GoogleSymbolUtilities.framework in Frameworks */ = {isa = PBXBuildFile; fileRef = F7EDFD17CFC2456C8B3CD890 /* GoogleSymbolUtilities.framework */; };
		FE9A4936FC2748088D9BFEEF /* deflate.c in Sources */ = {isa = PBXBuildFile; fileRef = F6F31B8A0EE148DA9F77FCB2 /* deflate.c */; };
		FF2CB93ED68C4809B3C33AAC /* MapKit.framework in Frameworks */ = {isa = PBXBuildFile; fileRef = 46EDD80FD22F42BFA3244B42 /* MapKit.framework */; };
/* End PBXBuildFile section */

/* Begin PBXContainerItemProxy section */
		301BF534109A57CC0062928A /* PBXContainerItemProxy */ = {
			isa = PBXContainerItemProxy;
			containerPortal = 301BF52D109A57CC0062928A /* CordovaLib/CordovaLib.xcodeproj */;
			proxyType = 2;
			remoteGlobalIDString = D2AAC07E0554694100DB518D;
			remoteInfo = CordovaLib;
		};
		301BF550109A68C00062928A /* PBXContainerItemProxy */ = {
			isa = PBXContainerItemProxy;
			containerPortal = 301BF52D109A57CC0062928A /* CordovaLib/CordovaLib.xcodeproj */;
			proxyType = 1;
			remoteGlobalIDString = D2AAC07D0554694100DB518D;
			remoteInfo = CordovaLib;
		};
		D07DB5881FCF68D8007BA36B /* PBXContainerItemProxy */ = {
			isa = PBXContainerItemProxy;
			containerPortal = 301BF52D109A57CC0062928A /* CordovaLib/CordovaLib.xcodeproj */;
			proxyType = 2;
			remoteGlobalIDString = C0C01EB21E3911D50056E6CB;
			remoteInfo = Cordova;
		};
/* End PBXContainerItemProxy section */

/* Begin PBXFileReference section */
		014C685B2D3B49D5B35ACCC4 /* Sim.m */ = {isa = PBXFileReference; explicitFileType = undefined; fileEncoding = 4; includeInIndex = 0; lastKnownFileType = sourcecode.c.objc; name = Sim.m; path = "cordova-plugin-sim/Sim.m"; sourceTree = "<group>"; };
		0207DA571B56EA530066E2B4 /* Images.xcassets */ = {isa = PBXFileReference; lastKnownFileType = folder.assetcatalog; name = Images.xcassets; path = "clear-task-solutions-mobile/Images.xcassets"; sourceTree = SOURCE_ROOT; };
		032FB043AC574736AD1594DC /* GoogleIPhoneUtilities.framework */ = {isa = PBXFileReference; explicitFileType = undefined; fileEncoding = 9; includeInIndex = 0; lastKnownFileType = wrapper.framework; name = GoogleIPhoneUtilities.framework; path = "clear-task-solutions-mobile/Plugins/cordova-plugin-fcm/GoogleIPhoneUtilities.framework"; sourceTree = "<group>"; };
		03F87469721441F78A4A9B0C /* UNIRest.m */ = {isa = PBXFileReference; explicitFileType = undefined; fileEncoding = 4; includeInIndex = 0; lastKnownFileType = sourcecode.c.objc; name = UNIRest.m; path = "cordova-plugin-ionic/UNIRest.m"; sourceTree = "<group>"; };
		05C3EDFDAC5D4F44B47D002A /* GoogleService-Info.plist */ = {isa = PBXFileReference; explicitFileType = undefined; fileEncoding = 4; includeInIndex = 0; lastKnownFileType = text.plist.xml; name = "GoogleService-Info.plist"; path = "Resources/GoogleService-Info.plist"; sourceTree = "<group>"; };
		060D82E663B44BB7B4037C24 /* Photos.framework */ = {isa = PBXFileReference; explicitFileType = undefined; fileEncoding = 9; includeInIndex = 0; lastKnownFileType = wrapper.framework; name = Photos.framework; path = System/Library/Frameworks/Photos.framework; sourceTree = SDKROOT; };
		06DB0779E8F044DDA0424586 /* crypt.h */ = {isa = PBXFileReference; explicitFileType = undefined; fileEncoding = 4; includeInIndex = 0; lastKnownFileType = sourcecode.c.h; name = crypt.h; path = "cordova-plugin-ionic/crypt.h"; sourceTree = "<group>"; };
		08582D9851984D51A6C55EA9 /* Download.m */ = {isa = PBXFileReference; explicitFileType = undefined; fileEncoding = 4; includeInIndex = 0; lastKnownFileType = sourcecode.c.objc; name = Download.m; path = "cordova-plugin-ionic/Download.m"; sourceTree = "<group>"; };
		09EA55F4750C45CE9FDF74CB /* ioapi.h */ = {isa = PBXFileReference; explicitFileType = undefined; fileEncoding = 4; includeInIndex = 0; lastKnownFileType = sourcecode.c.h; name = ioapi.h; path = "cordova-plugin-ionic/ioapi.h"; sourceTree = "<group>"; };
		0EB86CCD8D46495090C7A244 /* inffast.h */ = {isa = PBXFileReference; explicitFileType = undefined; fileEncoding = 4; includeInIndex = 0; lastKnownFileType = sourcecode.c.h; name = inffast.h; path = "cordova-plugin-ionic/inffast.h"; sourceTree = "<group>"; };
		15A37105FAC8496DB837D783 /* trees.c */ = {isa = PBXFileReference; explicitFileType = undefined; fileEncoding = 9; includeInIndex = 0; lastKnownFileType = unknown; name = trees.c; path = "cordova-plugin-ionic/trees.c"; sourceTree = "<group>"; };
		16FD35069A7143599A1622FA /* EventKit.framework */ = {isa = PBXFileReference; explicitFileType = undefined; fileEncoding = 9; includeInIndex = 0; lastKnownFileType = wrapper.framework; name = EventKit.framework; path = System/Library/Frameworks/EventKit.framework; sourceTree = SDKROOT; };
		1B2DCB0758E04201B05D2EE2 /* adler32.c */ = {isa = PBXFileReference; explicitFileType = undefined; fileEncoding = 9; includeInIndex = 0; lastKnownFileType = unknown; name = adler32.c; path = "cordova-plugin-ionic/adler32.c"; sourceTree = "<group>"; };
		1CFCB6F570A44DB08A834FCC /* CDVStatusBar.h */ = {isa = PBXFileReference; explicitFileType = undefined; fileEncoding = 4; includeInIndex = 0; lastKnownFileType = sourcecode.c.h; name = CDVStatusBar.h; path = "cordova-plugin-statusbar/CDVStatusBar.h"; sourceTree = "<group>"; };
		1D3623240D0F684500981E51 /* AppDelegate.h */ = {isa = PBXFileReference; fileEncoding = 4; lastKnownFileType = sourcecode.c.h; path = AppDelegate.h; sourceTree = "<group>"; };
		1D3623250D0F684500981E51 /* AppDelegate.m */ = {isa = PBXFileReference; fileEncoding = 4; lastKnownFileType = sourcecode.c.objc; path = AppDelegate.m; sourceTree = "<group>"; };
		1D6058910D05DD3D006BFB54 /* clear-task-solutions-mobile.app */ = {isa = PBXFileReference; explicitFileType = wrapper.application; includeInIndex = 0; path = "clear-task-solutions-mobile.app"; sourceTree = BUILT_PRODUCTS_DIR; };
		1E8B17E32B70469A8CE2A3D7 /* CoreTelephony.framework */ = {isa = PBXFileReference; explicitFileType = undefined; fileEncoding = 9; includeInIndex = 0; lastKnownFileType = wrapper.framework; name = CoreTelephony.framework; path = System/Library/Frameworks/CoreTelephony.framework; sourceTree = SDKROOT; };
		1FF7FBD01A7F4B3092354376 /* UNIHTTPResponse.m */ = {isa = PBXFileReference; explicitFileType = undefined; fileEncoding = 4; includeInIndex = 0; lastKnownFileType = sourcecode.c.objc; name = UNIHTTPResponse.m; path = "cordova-plugin-ionic/UNIHTTPResponse.m"; sourceTree = "<group>"; };
		22F99047ECE04E27B514973A /* gzlib.c */ = {isa = PBXFileReference; explicitFileType = undefined; fileEncoding = 9; includeInIndex = 0; lastKnownFileType = unknown; name = gzlib.c; path = "cordova-plugin-ionic/gzlib.c"; sourceTree = "<group>"; };
		23D7A8B8EF6F40CB99499368 /* crc32.c */ = {isa = PBXFileReference; explicitFileType = undefined; fileEncoding = 9; includeInIndex = 0; lastKnownFileType = unknown; name = crc32.c; path = "cordova-plugin-ionic/crc32.c"; sourceTree = "<group>"; };
		259BA3EBF9A84734ADF84450 /* inftrees.h */ = {isa = PBXFileReference; explicitFileType = undefined; fileEncoding = 4; includeInIndex = 0; lastKnownFileType = sourcecode.c.h; name = inftrees.h; path = "cordova-plugin-ionic/inftrees.h"; sourceTree = "<group>"; };
		26087695B7A64829B290BD6D /* UNISimpleRequest.h */ = {isa = PBXFileReference; explicitFileType = undefined; fileEncoding = 4; includeInIndex = 0; lastKnownFileType = sourcecode.c.h; name = UNISimpleRequest.h; path = "cordova-plugin-ionic/UNISimpleRequest.h"; sourceTree = "<group>"; };
		28B2AB0922AD420DA8CCF145 /* UNIHTTPBinaryResponse.m */ = {isa = PBXFileReference; explicitFileType = undefined; fileEncoding = 4; includeInIndex = 0; lastKnownFileType = sourcecode.c.objc; name = UNIHTTPBinaryResponse.m; path = "cordova-plugin-ionic/UNIHTTPBinaryResponse.m"; sourceTree = "<group>"; };
		28CF57F422154148841EE499 /* deflate.h */ = {isa = PBXFileReference; explicitFileType = undefined; fileEncoding = 4; includeInIndex = 0; lastKnownFileType = sourcecode.c.h; name = deflate.h; path = "cordova-plugin-ionic/deflate.h"; sourceTree = "<group>"; };
		29B97316FDCFA39411CA2CEA /* main.m */ = {isa = PBXFileReference; fileEncoding = 4; lastKnownFileType = sourcecode.c.objc; path = main.m; sourceTree = "<group>"; };
		29D696E3D5CF4296A855FBE4 /* CDVLocalFilesystem.h */ = {isa = PBXFileReference; explicitFileType = undefined; fileEncoding = 4; includeInIndex = 0; lastKnownFileType = sourcecode.c.h; name = CDVLocalFilesystem.h; path = "cordova-plugin-file/CDVLocalFilesystem.h"; sourceTree = "<group>"; };
		2DD2099ABDC3471383866426 /* UIImage+CropScaleOrientation.h */ = {isa = PBXFileReference; explicitFileType = undefined; fileEncoding = 4; includeInIndex = 0; lastKnownFileType = sourcecode.c.h; name = "UIImage+CropScaleOrientation.h"; path = "cordova-plugin-camera/UIImage+CropScaleOrientation.h"; sourceTree = "<group>"; };
		2F5A445BF6AD4BB5ABB93D33 /* IonicKeyboard.m */ = {isa = PBXFileReference; explicitFileType = undefined; fileEncoding = 4; includeInIndex = 0; lastKnownFileType = sourcecode.c.objc; name = IonicKeyboard.m; path = "ionic-plugin-keyboard/IonicKeyboard.m"; sourceTree = "<group>"; };
		301BF52D109A57CC0062928A /* CordovaLib/CordovaLib.xcodeproj */ = {isa = PBXFileReference; lastKnownFileType = "wrapper.pb-project"; path = CordovaLib/CordovaLib.xcodeproj; sourceTree = "<group>"; };
		301BF56E109A69640062928A /* www */ = {isa = PBXFileReference; lastKnownFileType = folder; path = www; sourceTree = SOURCE_ROOT; };
		302D95EE14D2391D003F00A1 /* MainViewController.h */ = {isa = PBXFileReference; fileEncoding = 4; lastKnownFileType = sourcecode.c.h; path = MainViewController.h; sourceTree = "<group>"; };
		302D95EF14D2391D003F00A1 /* MainViewController.m */ = {isa = PBXFileReference; fileEncoding = 4; lastKnownFileType = sourcecode.c.objc; path = MainViewController.m; sourceTree = "<group>"; };
		302D95F014D2391D003F00A1 /* MainViewController.xib */ = {isa = PBXFileReference; fileEncoding = 4; lastKnownFileType = file.xib; path = MainViewController.xib; sourceTree = "<group>"; };
		3047A50F1AB8059700498E2A /* build-debug.xcconfig */ = {isa = PBXFileReference; fileEncoding = 4; lastKnownFileType = text.xcconfig; name = "build-debug.xcconfig"; path = "cordova/build-debug.xcconfig"; sourceTree = SOURCE_ROOT; };
		3047A5101AB8059700498E2A /* build-release.xcconfig */ = {isa = PBXFileReference; fileEncoding = 4; lastKnownFileType = text.xcconfig; name = "build-release.xcconfig"; path = "cordova/build-release.xcconfig"; sourceTree = SOURCE_ROOT; };
		3047A5111AB8059700498E2A /* build.xcconfig */ = {isa = PBXFileReference; fileEncoding = 4; lastKnownFileType = text.xcconfig; name = build.xcconfig; path = cordova/build.xcconfig; sourceTree = SOURCE_ROOT; };
		3263238311104B19AD6C9D25 /* inftrees.c */ = {isa = PBXFileReference; explicitFileType = undefined; fileEncoding = 9; includeInIndex = 0; lastKnownFileType = unknown; name = inftrees.c; path = "cordova-plugin-ionic/inftrees.c"; sourceTree = "<group>"; };
		32CA4F630368D1EE00C91783 /* clear-task-solutions-mobile-Prefix.pch */ = {isa = PBXFileReference; fileEncoding = 4; lastKnownFileType = sourcecode.c.h; path = "clear-task-solutions-mobile-Prefix.pch"; sourceTree = "<group>"; };
		37E7139F0C5D42718792DCFB /* zutil.h */ = {isa = PBXFileReference; explicitFileType = undefined; fileEncoding = 4; includeInIndex = 0; lastKnownFileType = sourcecode.c.h; name = zutil.h; path = "cordova-plugin-ionic/zutil.h"; sourceTree = "<group>"; };
		419296E5EB294FCDA3868B32 /* UNIUrlConnection.m */ = {isa = PBXFileReference; explicitFileType = undefined; fileEncoding = 4; includeInIndex = 0; lastKnownFileType = sourcecode.c.objc; name = UNIUrlConnection.m; path = "cordova-plugin-ionic/UNIUrlConnection.m"; sourceTree = "<group>"; };
		4307FE319D174F03BA9EF8F3 /* ActionSheet.m */ = {isa = PBXFileReference; explicitFileType = undefined; fileEncoding = 4; includeInIndex = 0; lastKnownFileType = sourcecode.c.objc; name = ActionSheet.m; path = "cordova-plugin-actionsheet/ActionSheet.m"; sourceTree = "<group>"; };
		44B45941EFF24F95AAB8B50A /* CMMapLauncher.h */ = {isa = PBXFileReference; explicitFileType = undefined; fileEncoding = 4; includeInIndex = 0; lastKnownFileType = sourcecode.c.h; name = CMMapLauncher.h; path = uk.co.workingedge.phonegap.plugin.launchnavigator/CMMapLauncher.h; sourceTree = "<group>"; };
		45A827C3D41A4A2C84A3678F /* GoogleService-Info.plist */ = {isa = PBXFileReference; explicitFileType = undefined; fileEncoding = 4; includeInIndex = 0; lastKnownFileType = text.plist.xml; path = "GoogleService-Info.plist"; sourceTree = "<group>"; };
		46971A16FEED499CB9D510E8 /* AddressBook.framework */ = {isa = PBXFileReference; explicitFileType = undefined; fileEncoding = 9; includeInIndex = 0; lastKnownFileType = wrapper.framework; name = AddressBook.framework; path = System/Library/Frameworks/AddressBook.framework; sourceTree = SDKROOT; };
		46EDD80FD22F42BFA3244B42 /* MapKit.framework */ = {isa = PBXFileReference; explicitFileType = undefined; fileEncoding = 9; includeInIndex = 0; lastKnownFileType = wrapper.framework; name = MapKit.framework; path = System/Library/Frameworks/MapKit.framework; sourceTree = SDKROOT; };
		475D7FFE03154D3C87227FDE /* CDVLocation.h */ = {isa = PBXFileReference; explicitFileType = undefined; fileEncoding = 4; includeInIndex = 0; lastKnownFileType = sourcecode.c.h; name = CDVLocation.h; path = "cordova-plugin-geolocation/CDVLocation.h"; sourceTree = "<group>"; };
		4974E70448EE4D6CAF94731B /* GoogleInterchangeUtilities.framework */ = {isa = PBXFileReference; explicitFileType = undefined; fileEncoding = 9; includeInIndex = 0; lastKnownFileType = wrapper.framework; name = GoogleInterchangeUtilities.framework; path = "clear-task-solutions-mobile/Plugins/cordova-plugin-fcm/GoogleInterchangeUtilities.framework"; sourceTree = "<group>"; };
		4BF4E334FEE34BB2AA728AF4 /* UNIHTTPStringResponse.m */ = {isa = PBXFileReference; explicitFileType = undefined; fileEncoding = 4; includeInIndex = 0; lastKnownFileType = sourcecode.c.objc; name = UNIHTTPStringResponse.m; path = "cordova-plugin-ionic/UNIHTTPStringResponse.m"; sourceTree = "<group>"; };
		4D19434D8519411A9CE77083 /* UNIJsonNode.h */ = {isa = PBXFileReference; explicitFileType = undefined; fileEncoding = 4; includeInIndex = 0; lastKnownFileType = sourcecode.c.h; name = UNIJsonNode.h; path = "cordova-plugin-ionic/UNIJsonNode.h"; sourceTree = "<group>"; };
		4D63AB0452794E64A096307C /* CoreMotion.framework */ = {isa = PBXFileReference; explicitFileType = undefined; fileEncoding = 9; includeInIndex = 0; lastKnownFileType = wrapper.framework; name = CoreMotion.framework; path = System/Library/Frameworks/CoreMotion.framework; sourceTree = SDKROOT; };
		5387E3E685384BAFB9AE8FA1 /* CDVSplashScreen+IonicDeploy.m */ = {isa = PBXFileReference; explicitFileType = undefined; fileEncoding = 4; includeInIndex = 0; lastKnownFileType = sourcecode.c.objc; name = "CDVSplashScreen+IonicDeploy.m"; path = "cordova-plugin-ionic/CDVSplashScreen+IonicDeploy.m"; sourceTree = "<group>"; };
		5439740085D54787BD6A7B8E /* FirebaseInstanceID.framework */ = {isa = PBXFileReference; explicitFileType = undefined; fileEncoding = 9; includeInIndex = 0; lastKnownFileType = wrapper.framework; name = FirebaseInstanceID.framework; path = "clear-task-solutions-mobile/Plugins/cordova-plugin-fcm/FirebaseInstanceID.framework"; sourceTree = "<group>"; };
		5551F2B580534BD09DA9500D /* UNIBodyRequest.m */ = {isa = PBXFileReference; explicitFileType = undefined; fileEncoding = 4; includeInIndex = 0; lastKnownFileType = sourcecode.c.objc; name = UNIBodyRequest.m; path = "cordova-plugin-ionic/UNIBodyRequest.m"; sourceTree = "<group>"; };
		568D4DE472BC42F49658BCDE /* CDVJpegHeaderWriter.m */ = {isa = PBXFileReference; explicitFileType = undefined; fileEncoding = 4; includeInIndex = 0; lastKnownFileType = sourcecode.c.objc; name = CDVJpegHeaderWriter.m; path = "cordova-plugin-camera/CDVJpegHeaderWriter.m"; sourceTree = "<group>"; };
		57859DB2BC374B13BC671AB6 /* ioapi.c */ = {isa = PBXFileReference; explicitFileType = undefined; fileEncoding = 9; includeInIndex = 0; lastKnownFileType = unknown; name = ioapi.c; path = "cordova-plugin-ionic/ioapi.c"; sourceTree = "<group>"; };
		5A1A6F94A0A9493DB7D8A983 /* zconf.h */ = {isa = PBXFileReference; explicitFileType = undefined; fileEncoding = 4; includeInIndex = 0; lastKnownFileType = sourcecode.c.h; name = zconf.h; path = "cordova-plugin-ionic/zconf.h"; sourceTree = "<group>"; };
		5C8AE501F29643A89EB3E932 /* UNIBaseRequest.m */ = {isa = PBXFileReference; explicitFileType = undefined; fileEncoding = 4; includeInIndex = 0; lastKnownFileType = sourcecode.c.objc; name = UNIBaseRequest.m; path = "cordova-plugin-ionic/UNIBaseRequest.m"; sourceTree = "<group>"; };
		5CC5BF68A826486E88FCD30C /* UNIHTTPClientHelper.h */ = {isa = PBXFileReference; explicitFileType = undefined; fileEncoding = 4; includeInIndex = 0; lastKnownFileType = sourcecode.c.h; name = UNIHTTPClientHelper.h; path = "cordova-plugin-ionic/UNIHTTPClientHelper.h"; sourceTree = "<group>"; };
		5CDC014B7D4948D0B7215253 /* uncompr.c */ = {isa = PBXFileReference; explicitFileType = undefined; fileEncoding = 9; includeInIndex = 0; lastKnownFileType = unknown; name = uncompr.c; path = "cordova-plugin-ionic/uncompr.c"; sourceTree = "<group>"; };
		5EAA1D2757924553A8BA9EED /* CDVStatusBar.m */ = {isa = PBXFileReference; explicitFileType = undefined; fileEncoding = 4; includeInIndex = 0; lastKnownFileType = sourcecode.c.objc; name = CDVStatusBar.m; path = "cordova-plugin-statusbar/CDVStatusBar.m"; sourceTree = "<group>"; };
		6052117EA63947B981F98F49 /* Base64.m */ = {isa = PBXFileReference; explicitFileType = undefined; fileEncoding = 4; includeInIndex = 0; lastKnownFileType = sourcecode.c.objc; name = Base64.m; path = "cordova-plugin-ionic/Base64.m"; sourceTree = "<group>"; };
		62D7D4E446114C79AABF7238 /* zlib.h */ = {isa = PBXFileReference; explicitFileType = undefined; fileEncoding = 4; includeInIndex = 0; lastKnownFileType = sourcecode.c.h; name = zlib.h; path = "cordova-plugin-ionic/zlib.h"; sourceTree = "<group>"; };
		68A66F393B76496FB463F989 /* UNIHTTPJsonResponse.m */ = {isa = PBXFileReference; explicitFileType = undefined; fileEncoding = 4; includeInIndex = 0; lastKnownFileType = sourcecode.c.objc; name = UNIHTTPJsonResponse.m; path = "cordova-plugin-ionic/UNIHTTPJsonResponse.m"; sourceTree = "<group>"; };
		69590176EE9F4FEAA4A78FAE /* IonicConstant.h */ = {isa = PBXFileReference; explicitFileType = undefined; fileEncoding = 4; includeInIndex = 0; lastKnownFileType = sourcecode.c.h; name = IonicConstant.h; path = "cordova-plugin-ionic/IonicConstant.h"; sourceTree = "<group>"; };
		6A217C1822A5450DAB8FED4D /* CDVReachability.m */ = {isa = PBXFileReference; explicitFileType = undefined; fileEncoding = 4; includeInIndex = 0; lastKnownFileType = sourcecode.c.objc; name = CDVReachability.m; path = "cordova-plugin-network-information/CDVReachability.m"; sourceTree = "<group>"; };
		6A76C49CC85044F1AAD888D3 /* IonicCordovaCommon.swift */ = {isa = PBXFileReference; explicitFileType = undefined; fileEncoding = 4; includeInIndex = 0; lastKnownFileType = sourcecode.swift; name = IonicCordovaCommon.swift; path = "cordova-plugin-ionic/IonicCordovaCommon.swift"; sourceTree = "<group>"; };
		6AB952F3FF11415CAD17D21A /* CDVAssetLibraryFilesystem.m */ = {isa = PBXFileReference; explicitFileType = undefined; fileEncoding = 4; includeInIndex = 0; lastKnownFileType = sourcecode.c.objc; name = CDVAssetLibraryFilesystem.m; path = "cordova-plugin-file/CDVAssetLibraryFilesystem.m"; sourceTree = "<group>"; };
		6ADECD0C4A524D04B09D32B8 /* infback.c */ = {isa = PBXFileReference; explicitFileType = undefined; fileEncoding = 9; includeInIndex = 0; lastKnownFileType = unknown; name = infback.c; path = "cordova-plugin-ionic/infback.c"; sourceTree = "<group>"; };
		6ADF72C965E440AFB9ED1E40 /* CDVFile.m */ = {isa = PBXFileReference; explicitFileType = undefined; fileEncoding = 4; includeInIndex = 0; lastKnownFileType = sourcecode.c.objc; name = CDVFile.m; path = "cordova-plugin-file/CDVFile.m"; sourceTree = "<group>"; };
		6AE4678DA85847999344E9DA /* zip.h */ = {isa = PBXFileReference; explicitFileType = undefined; fileEncoding = 4; includeInIndex = 0; lastKnownFileType = sourcecode.c.h; name = zip.h; path = "cordova-plugin-ionic/zip.h"; sourceTree = "<group>"; };
		6AFF5BF81D6E424B00AB3073 /* CDVLaunchScreen.storyboard */ = {isa = PBXFileReference; fileEncoding = 4; lastKnownFileType = file.storyboard; name = CDVLaunchScreen.storyboard; path = "clear-task-solutions-mobile/CDVLaunchScreen.storyboard"; sourceTree = SOURCE_ROOT; };
		6BC88AE5E08E45F8BBF41408 /* inflate.c */ = {isa = PBXFileReference; explicitFileType = undefined; fileEncoding = 9; includeInIndex = 0; lastKnownFileType = unknown; name = inflate.c; path = "cordova-plugin-ionic/inflate.c"; sourceTree = "<group>"; };
		6C5D0D46C3A141E1A0E87DB9 /* CDVInAppBrowser.h */ = {isa = PBXFileReference; explicitFileType = undefined; fileEncoding = 4; includeInIndex = 0; lastKnownFileType = sourcecode.c.h; name = CDVInAppBrowser.h; path = "cordova-plugin-inappbrowser/CDVInAppBrowser.h"; sourceTree = "<group>"; };
		7483DE48FABA4F0EBBEDB36B /* CDVFile.h */ = {isa = PBXFileReference; explicitFileType = undefined; fileEncoding = 4; includeInIndex = 0; lastKnownFileType = sourcecode.c.h; name = CDVFile.h; path = "cordova-plugin-file/CDVFile.h"; sourceTree = "<group>"; };
		74882A2BF90F48FC9B040FA6 /* UNIBaseRequest.h */ = {isa = PBXFileReference; explicitFileType = undefined; fileEncoding = 4; includeInIndex = 0; lastKnownFileType = sourcecode.c.h; name = UNIBaseRequest.h; path = "cordova-plugin-ionic/UNIBaseRequest.h"; sourceTree = "<group>"; };
		76D378F2C3EC42B985B633AF /* Sim.h */ = {isa = PBXFileReference; explicitFileType = undefined; fileEncoding = 4; includeInIndex = 0; lastKnownFileType = sourcecode.c.h; name = Sim.h; path = "cordova-plugin-sim/Sim.h"; sourceTree = "<group>"; };
		77F85F763BE84972AE3A894A /* CFCallNumber.h */ = {isa = PBXFileReference; explicitFileType = undefined; fileEncoding = 4; includeInIndex = 0; lastKnownFileType = sourcecode.c.h; name = CFCallNumber.h; path = mx.ferreyra.callnumber/CFCallNumber.h; sourceTree = "<group>"; };
		796094A9B2F64D17BB6E42FB /* UNIHTTPResponse.h */ = {isa = PBXFileReference; explicitFileType = undefined; fileEncoding = 4; includeInIndex = 0; lastKnownFileType = sourcecode.c.h; name = UNIHTTPResponse.h; path = "cordova-plugin-ionic/UNIHTTPResponse.h"; sourceTree = "<group>"; };
		7A01BA6CA81648C181EF6E65 /* DownloadManager.m */ = {isa = PBXFileReference; explicitFileType = undefined; fileEncoding = 4; includeInIndex = 0; lastKnownFileType = sourcecode.c.objc; name = DownloadManager.m; path = "cordova-plugin-ionic/DownloadManager.m"; sourceTree = "<group>"; };
		7A1FD4F4388C4EC483F9054E /* ActionSheet.h */ = {isa = PBXFileReference; explicitFileType = undefined; fileEncoding = 4; includeInIndex = 0; lastKnownFileType = sourcecode.c.h; name = ActionSheet.h; path = "cordova-plugin-actionsheet/ActionSheet.h"; sourceTree = "<group>"; };
		7D0FAD1B8B3842BE9C7F228B /* CDVSplashScreen.m */ = {isa = PBXFileReference; explicitFileType = undefined; fileEncoding = 4; includeInIndex = 0; lastKnownFileType = sourcecode.c.objc; name = CDVSplashScreen.m; path = "cordova-plugin-splashscreen/CDVSplashScreen.m"; sourceTree = "<group>"; };
		7D3962B40B7F4FB1B28C2311 /* gzclose.c */ = {isa = PBXFileReference; explicitFileType = undefined; fileEncoding = 9; includeInIndex = 0; lastKnownFileType = unknown; name = gzclose.c; path = "cordova-plugin-ionic/gzclose.c"; sourceTree = "<group>"; };
		8096E65C09194E6D899F0C79 /* zutil.c */ = {isa = PBXFileReference; explicitFileType = undefined; fileEncoding = 9; includeInIndex = 0; lastKnownFileType = unknown; name = zutil.c; path = "cordova-plugin-ionic/zutil.c"; sourceTree = "<group>"; };
		837AD7A24EE349C3A393E1E8 /* APPBadge.h */ = {isa = PBXFileReference; explicitFileType = undefined; fileEncoding = 4; includeInIndex = 0; lastKnownFileType = sourcecode.c.h; name = APPBadge.h; path = "cordova-plugin-badge/APPBadge.h"; sourceTree = "<group>"; };
		84A9D37B4B3C4748A2BC10AD /* CDVLocation.m */ = {isa = PBXFileReference; explicitFileType = undefined; fileEncoding = 4; includeInIndex = 0; lastKnownFileType = sourcecode.c.objc; name = CDVLocation.m; path = "cordova-plugin-geolocation/CDVLocation.m"; sourceTree = "<group>"; };
		85D48E96D78A47648B399929 /* CDVLocalFilesystem.m */ = {isa = PBXFileReference; explicitFileType = undefined; fileEncoding = 4; includeInIndex = 0; lastKnownFileType = sourcecode.c.objc; name = CDVLocalFilesystem.m; path = "cordova-plugin-file/CDVLocalFilesystem.m"; sourceTree = "<group>"; };
		86993932DD9E4D5BB065AD7F /* CDVCamera.h */ = {isa = PBXFileReference; explicitFileType = undefined; fileEncoding = 4; includeInIndex = 0; lastKnownFileType = sourcecode.c.h; name = CDVCamera.h; path = "cordova-plugin-camera/CDVCamera.h"; sourceTree = "<group>"; };
		874E4FA77EA64D36B51AA6C9 /* FileOpener2.m */ = {isa = PBXFileReference; explicitFileType = undefined; fileEncoding = 4; includeInIndex = 0; lastKnownFileType = sourcecode.c.objc; name = FileOpener2.m; path = "cordova-plugin-file-opener2/FileOpener2.m"; sourceTree = "<group>"; };
		87BD5F2F9A2F4C5D8E30BC46 /* libsqlite3.0.tbd */ = {isa = PBXFileReference; explicitFileType = undefined; fileEncoding = 9; includeInIndex = 0; lastKnownFileType = "sourcecode.text-based-dylib-definition"; name = libsqlite3.0.tbd; path = usr/lib/libsqlite3.0.tbd; sourceTree = SDKROOT; };
		87FCC3EC8042439F92270337 /* UNIJsonNode.m */ = {isa = PBXFileReference; explicitFileType = undefined; fileEncoding = 4; includeInIndex = 0; lastKnownFileType = sourcecode.c.objc; name = UNIJsonNode.m; path = "cordova-plugin-ionic/UNIJsonNode.m"; sourceTree = "<group>"; };
		89DB679E376B4AAB90332FDE /* UserNotifications.framework */ = {isa = PBXFileReference; explicitFileType = undefined; fileEncoding = 9; includeInIndex = 0; lastKnownFileType = wrapper.framework; name = UserNotifications.framework; path = System/Library/Frameworks/UserNotifications.framework; sourceTree = SDKROOT; };
		8B13C1D011C844ACAA477792 /* CDVConnection.h */ = {isa = PBXFileReference; explicitFileType = undefined; fileEncoding = 4; includeInIndex = 0; lastKnownFileType = sourcecode.c.h; name = CDVConnection.h; path = "cordova-plugin-network-information/CDVConnection.h"; sourceTree = "<group>"; };
		8D1107310486CEB800E47090 /* clear-task-solutions-mobile-Info.plist */ = {isa = PBXFileReference; fileEncoding = 4; lastKnownFileType = text.plist.xml; name = "clear-task-solutions-mobile-Info.plist"; path = "clear-task-solutions-mobile/clear-task-solutions-mobile-Info.plist"; plistStructureDefinitionIdentifier = "com.apple.xcode.plist.structure-definition.iphone.info-plist"; sourceTree = SOURCE_ROOT; };
		8FEDCE3463554DF39609997D /* inffast.c */ = {isa = PBXFileReference; explicitFileType = undefined; fileEncoding = 9; includeInIndex = 0; lastKnownFileType = unknown; name = inffast.c; path = "cordova-plugin-ionic/inffast.c"; sourceTree = "<group>"; };
		917885ACC76442BC97572B4A /* Unirest-Prefix.pch */ = {isa = PBXFileReference; explicitFileType = undefined; fileEncoding = 4; includeInIndex = 0; lastKnownFileType = sourcecode.c.h; name = "Unirest-Prefix.pch"; path = "cordova-plugin-ionic/Unirest-Prefix.pch"; sourceTree = "<group>"; };
		9467D405E9504A2B85E47A5C /* FirebaseMessaging.framework */ = {isa = PBXFileReference; explicitFileType = undefined; fileEncoding = 9; includeInIndex = 0; lastKnownFileType = wrapper.framework; name = FirebaseMessaging.framework; path = "clear-task-solutions-mobile/Plugins/cordova-plugin-fcm/FirebaseMessaging.framework"; sourceTree = "<group>"; };
		948465006A104D83B44DAD0C /* FileOpener2.h */ = {isa = PBXFileReference; explicitFileType = undefined; fileEncoding = 4; includeInIndex = 0; lastKnownFileType = sourcecode.c.h; name = FileOpener2.h; path = "cordova-plugin-file-opener2/FileOpener2.h"; sourceTree = "<group>"; };
		94A7A9FD35F04FBCBCB4838F /* SSZipArchive.m */ = {isa = PBXFileReference; explicitFileType = undefined; fileEncoding = 4; includeInIndex = 0; lastKnownFileType = sourcecode.c.objc; name = SSZipArchive.m; path = "cordova-plugin-ionic/SSZipArchive.m"; sourceTree = "<group>"; };
		971692CB81C24136916C3816 /* CDVCamera.m */ = {isa = PBXFileReference; explicitFileType = undefined; fileEncoding = 4; includeInIndex = 0; lastKnownFileType = sourcecode.c.objc; name = CDVCamera.m; path = "cordova-plugin-camera/CDVCamera.m"; sourceTree = "<group>"; };
		978A507C97A64373A42E1B10 /* UNIHTTPBinaryResponse.h */ = {isa = PBXFileReference; explicitFileType = undefined; fileEncoding = 4; includeInIndex = 0; lastKnownFileType = sourcecode.c.h; name = UNIHTTPBinaryResponse.h; path = "cordova-plugin-ionic/UNIHTTPBinaryResponse.h"; sourceTree = "<group>"; };
		986841344EEB4FE88C8DEE80 /* CDVJpegHeaderWriter.h */ = {isa = PBXFileReference; explicitFileType = undefined; fileEncoding = 4; includeInIndex = 0; lastKnownFileType = sourcecode.c.h; name = CDVJpegHeaderWriter.h; path = "cordova-plugin-camera/CDVJpegHeaderWriter.h"; sourceTree = "<group>"; };
		9901E76354EE4933981629A2 /* unzip.h */ = {isa = PBXFileReference; explicitFileType = undefined; fileEncoding = 4; includeInIndex = 0; lastKnownFileType = sourcecode.c.h; name = unzip.h; path = "cordova-plugin-ionic/unzip.h"; sourceTree = "<group>"; };
		997C53793F2048DF993F5D08 /* SystemConfiguration.framework */ = {isa = PBXFileReference; explicitFileType = undefined; fileEncoding = 9; includeInIndex = 0; lastKnownFileType = wrapper.framework; name = SystemConfiguration.framework; path = System/Library/Frameworks/SystemConfiguration.framework; sourceTree = SDKROOT; };
		997FBD4DB21B47C4A41B93E8 /* gzguts.h */ = {isa = PBXFileReference; explicitFileType = undefined; fileEncoding = 4; includeInIndex = 0; lastKnownFileType = sourcecode.c.h; name = gzguts.h; path = "cordova-plugin-ionic/gzguts.h"; sourceTree = "<group>"; };
		A18D77A89AFA4DEB87ACDA9E /* CDVSplashScreen.h */ = {isa = PBXFileReference; explicitFileType = undefined; fileEncoding = 4; includeInIndex = 0; lastKnownFileType = sourcecode.c.h; name = CDVSplashScreen.h; path = "cordova-plugin-splashscreen/CDVSplashScreen.h"; sourceTree = "<group>"; };
		A2099F3F28E343B88CEA34E6 /* Diagnostic.m */ = {isa = PBXFileReference; explicitFileType = undefined; fileEncoding = 4; includeInIndex = 0; lastKnownFileType = sourcecode.c.objc; name = Diagnostic.m; path = cordova.plugins.diagnostic/Diagnostic.m; sourceTree = "<group>"; };
		A5373B83161D4410BDA936FA /* CDVExif.h */ = {isa = PBXFileReference; explicitFileType = undefined; fileEncoding = 4; includeInIndex = 0; lastKnownFileType = sourcecode.c.h; name = CDVExif.h; path = "cordova-plugin-camera/CDVExif.h"; sourceTree = "<group>"; };
		A5DE7A4F5CE8474A8F46E018 /* UNIHTTPJsonResponse.h */ = {isa = PBXFileReference; explicitFileType = undefined; fileEncoding = 4; includeInIndex = 0; lastKnownFileType = sourcecode.c.h; name = UNIHTTPJsonResponse.h; path = "cordova-plugin-ionic/UNIHTTPJsonResponse.h"; sourceTree = "<group>"; };
		A78C93BC02EC46E6A39AF3FE /* CDVViewController+SplashScreen.h */ = {isa = PBXFileReference; explicitFileType = undefined; fileEncoding = 4; includeInIndex = 0; lastKnownFileType = sourcecode.c.h; name = "CDVViewController+SplashScreen.h"; path = "cordova-plugin-splashscreen/CDVViewController+SplashScreen.h"; sourceTree = "<group>"; };
		ABADC1B94F334FF79F9BD015 /* Firebase.h */ = {isa = PBXFileReference; explicitFileType = undefined; fileEncoding = 4; includeInIndex = 0; lastKnownFileType = sourcecode.c.h; name = Firebase.h; path = "cordova-plugin-fcm/Firebase.h"; sourceTree = "<group>"; };
		ACFA3633C4C14844BF99D789 /* CMMapLauncher.m */ = {isa = PBXFileReference; explicitFileType = undefined; fileEncoding = 4; includeInIndex = 0; lastKnownFileType = sourcecode.c.objc; name = CMMapLauncher.m; path = uk.co.workingedge.phonegap.plugin.launchnavigator/CMMapLauncher.m; sourceTree = "<group>"; };
		AE670C57F3DF4FF590B38D12 /* CDVAssetLibraryFilesystem.h */ = {isa = PBXFileReference; explicitFileType = undefined; fileEncoding = 4; includeInIndex = 0; lastKnownFileType = sourcecode.c.h; name = CDVAssetLibraryFilesystem.h; path = "cordova-plugin-file/CDVAssetLibraryFilesystem.h"; sourceTree = "<group>"; };
		AEEF0B7858234E6CA7CA07EB /* AVFoundation.framework */ = {isa = PBXFileReference; explicitFileType = undefined; fileEncoding = 9; includeInIndex = 0; lastKnownFileType = wrapper.framework; name = AVFoundation.framework; path = System/Library/Frameworks/AVFoundation.framework; sourceTree = SDKROOT; };
		AF3D9009E1744C08BF64878F /* Security.framework */ = {isa = PBXFileReference; explicitFileType = undefined; fileEncoding = 9; includeInIndex = 0; lastKnownFileType = wrapper.framework; name = Security.framework; path = System/Library/Frameworks/Security.framework; sourceTree = SDKROOT; };
		AF92EFA86A0D4390B9B0B11A /* UNISimpleRequest.m */ = {isa = PBXFileReference; explicitFileType = undefined; fileEncoding = 4; includeInIndex = 0; lastKnownFileType = sourcecode.c.objc; name = UNISimpleRequest.m; path = "cordova-plugin-ionic/UNISimpleRequest.m"; sourceTree = "<group>"; };
		AF93482CD35744D8B2FB2090 /* CDVFileTransfer.m */ = {isa = PBXFileReference; explicitFileType = undefined; fileEncoding = 4; includeInIndex = 0; lastKnownFileType = sourcecode.c.objc; name = CDVFileTransfer.m; path = "cordova-plugin-file-transfer/CDVFileTransfer.m"; sourceTree = "<group>"; };
		B0BB3531C85C4FABBDE39E28 /* Diagnostic.h */ = {isa = PBXFileReference; explicitFileType = undefined; fileEncoding = 4; includeInIndex = 0; lastKnownFileType = sourcecode.c.h; name = Diagnostic.h; path = cordova.plugins.diagnostic/Diagnostic.h; sourceTree = "<group>"; };
		B1EE6D72F91F4627B0B36DAB /* Download.h */ = {isa = PBXFileReference; explicitFileType = undefined; fileEncoding = 4; includeInIndex = 0; lastKnownFileType = sourcecode.c.h; name = Download.h; path = "cordova-plugin-ionic/Download.h"; sourceTree = "<group>"; };
		B2B1462908D54353AABD9BEA /* AppDelegate+FCMPlugin.m */ = {isa = PBXFileReference; explicitFileType = undefined; fileEncoding = 4; includeInIndex = 0; lastKnownFileType = sourcecode.c.objc; name = "AppDelegate+FCMPlugin.m"; path = "cordova-plugin-fcm/AppDelegate+FCMPlugin.m"; sourceTree = "<group>"; };
		B32FF15CEC784B469F59F5FE /* compress.c */ = {isa = PBXFileReference; explicitFileType = undefined; fileEncoding = 9; includeInIndex = 0; lastKnownFileType = unknown; name = compress.c; path = "cordova-plugin-ionic/compress.c"; sourceTree = "<group>"; };
		B4F5450D1B904A0F87E72708 /* UNIHTTPRequestWithBody.m */ = {isa = PBXFileReference; explicitFileType = undefined; fileEncoding = 4; includeInIndex = 0; lastKnownFileType = sourcecode.c.objc; name = UNIHTTPRequestWithBody.m; path = "cordova-plugin-ionic/UNIHTTPRequestWithBody.m"; sourceTree = "<group>"; };
		B4F8289BB8EE4C1484A0E396 /* CDVViewController+SplashScreen.m */ = {isa = PBXFileReference; explicitFileType = undefined; fileEncoding = 4; includeInIndex = 0; lastKnownFileType = sourcecode.c.objc; name = "CDVViewController+SplashScreen.m"; path = "cordova-plugin-splashscreen/CDVViewController+SplashScreen.m"; sourceTree = "<group>"; };
		B61CC41CC0094F5CB6CDC442 /* inffixed.h */ = {isa = PBXFileReference; explicitFileType = undefined; fileEncoding = 4; includeInIndex = 0; lastKnownFileType = sourcecode.c.h; name = inffixed.h; path = "cordova-plugin-ionic/inffixed.h"; sourceTree = "<group>"; };
		B7E9F3EE148442E585AA475D /* APPBadge.m */ = {isa = PBXFileReference; explicitFileType = undefined; fileEncoding = 4; includeInIndex = 0; lastKnownFileType = sourcecode.c.objc; name = APPBadge.m; path = "cordova-plugin-badge/APPBadge.m"; sourceTree = "<group>"; };
		B8AE6C766B6647259F8264E5 /* unzip.c */ = {isa = PBXFileReference; explicitFileType = undefined; fileEncoding = 9; includeInIndex = 0; lastKnownFileType = unknown; name = unzip.c; path = "cordova-plugin-ionic/unzip.c"; sourceTree = "<group>"; };
		BB178273FDCD4293B043856A /* CFCallNumber.m */ = {isa = PBXFileReference; explicitFileType = undefined; fileEncoding = 4; includeInIndex = 0; lastKnownFileType = sourcecode.c.objc; name = CFCallNumber.m; path = mx.ferreyra.callnumber/CFCallNumber.m; sourceTree = "<group>"; };
		BC25A985AE494DDF83E5C6A8 /* ARCHelper.h */ = {isa = PBXFileReference; explicitFileType = undefined; fileEncoding = 4; includeInIndex = 0; lastKnownFileType = sourcecode.c.h; name = ARCHelper.h; path = "cordova-plugin-ionic/ARCHelper.h"; sourceTree = "<group>"; };
		BEC86E58CA2E49C7B572E470 /* libc++.tbd */ = {isa = PBXFileReference; explicitFileType = undefined; fileEncoding = 9; includeInIndex = 0; lastKnownFileType = "sourcecode.text-based-dylib-definition"; name = "libc++.tbd"; path = "usr/lib/libc++.tbd"; sourceTree = SDKROOT; };
		C037AAF785724E6D9CB1D143 /* Contacts.framework */ = {isa = PBXFileReference; explicitFileType = undefined; fileEncoding = 9; includeInIndex = 0; lastKnownFileType = wrapper.framework; name = Contacts.framework; path = System/Library/Frameworks/Contacts.framework; sourceTree = SDKROOT; };
		C03E5BA1E32C4F94B78B5DED /* SSZipArchive.h */ = {isa = PBXFileReference; explicitFileType = undefined; fileEncoding = 4; includeInIndex = 0; lastKnownFileType = sourcecode.c.h; name = SSZipArchive.h; path = "cordova-plugin-ionic/SSZipArchive.h"; sourceTree = "<group>"; };
		C4B7CA51BFBC41A88B6C8163 /* UNIBodyRequest.h */ = {isa = PBXFileReference; explicitFileType = undefined; fileEncoding = 4; includeInIndex = 0; lastKnownFileType = sourcecode.c.h; name = UNIBodyRequest.h; path = "cordova-plugin-ionic/UNIBodyRequest.h"; sourceTree = "<group>"; };
		C5BC7CB78DEA4A138C2D02A8 /* UIImage+CropScaleOrientation.m */ = {isa = PBXFileReference; explicitFileType = undefined; fileEncoding = 4; includeInIndex = 0; lastKnownFileType = sourcecode.c.objc; name = "UIImage+CropScaleOrientation.m"; path = "cordova-plugin-camera/UIImage+CropScaleOrientation.m"; sourceTree = "<group>"; };
		C7AE305ABDBD4CA494BBE472 /* CDVFileTransfer.h */ = {isa = PBXFileReference; explicitFileType = undefined; fileEncoding = 4; includeInIndex = 0; lastKnownFileType = sourcecode.c.h; name = CDVFileTransfer.h; path = "cordova-plugin-file-transfer/CDVFileTransfer.h"; sourceTree = "<group>"; };
		CAEAD797ED884F0F913D0258 /* FCMPlugin.m */ = {isa = PBXFileReference; explicitFileType = undefined; fileEncoding = 4; includeInIndex = 0; lastKnownFileType = sourcecode.c.objc; name = FCMPlugin.m; path = "cordova-plugin-fcm/FCMPlugin.m"; sourceTree = "<group>"; };
		CB5A95AEA5F1469BAB490731 /* UNIHTTPClientHelper.m */ = {isa = PBXFileReference; explicitFileType = undefined; fileEncoding = 4; includeInIndex = 0; lastKnownFileType = sourcecode.c.objc; name = UNIHTTPClientHelper.m; path = "cordova-plugin-ionic/UNIHTTPClientHelper.m"; sourceTree = "<group>"; };
		CBF5EF63BE1943C699A69151 /* LaunchNavigator.m */ = {isa = PBXFileReference; explicitFileType = undefined; fileEncoding = 4; includeInIndex = 0; lastKnownFileType = sourcecode.c.objc; name = LaunchNavigator.m; path = uk.co.workingedge.phonegap.plugin.launchnavigator/LaunchNavigator.m; sourceTree = "<group>"; };
		CD6A624F3ADC47B4A1434497 /* UNIRest.h */ = {isa = PBXFileReference; explicitFileType = undefined; fileEncoding = 4; includeInIndex = 0; lastKnownFileType = sourcecode.c.h; name = UNIRest.h; path = "cordova-plugin-ionic/UNIRest.h"; sourceTree = "<group>"; };
		D07DB58A1FCF68F6007BA36B /* clear-task-solutions-mobile.entitlements */ = {isa = PBXFileReference; lastKnownFileType = text.plist.entitlements; name = "clear-task-solutions-mobile.entitlements"; path = "clear-task-solutions-mobile/clear-task-solutions-mobile.entitlements"; sourceTree = "<group>"; };
		D2A8B9EADAB448328F45E2BB /* IonicConstant.m */ = {isa = PBXFileReference; explicitFileType = undefined; fileEncoding = 4; includeInIndex = 0; lastKnownFileType = sourcecode.c.objc; name = IonicConstant.m; path = "cordova-plugin-ionic/IonicConstant.m"; sourceTree = "<group>"; };
		D30C087AAB8C4E3F81E77685 /* UNIHTTPRequestWithBody.h */ = {isa = PBXFileReference; explicitFileType = undefined; fileEncoding = 4; includeInIndex = 0; lastKnownFileType = sourcecode.c.h; name = UNIHTTPRequestWithBody.h; path = "cordova-plugin-ionic/UNIHTTPRequestWithBody.h"; sourceTree = "<group>"; };
		D4AB49F5E47C430DB7809C3B /* UNIHTTPRequest.h */ = {isa = PBXFileReference; explicitFileType = undefined; fileEncoding = 4; includeInIndex = 0; lastKnownFileType = sourcecode.c.h; name = UNIHTTPRequest.h; path = "cordova-plugin-ionic/UNIHTTPRequest.h"; sourceTree = "<group>"; };
		D66095E347BF42DB9C198B99 /* FirebaseCore.framework */ = {isa = PBXFileReference; explicitFileType = undefined; fileEncoding = 9; includeInIndex = 0; lastKnownFileType = wrapper.framework; name = FirebaseCore.framework; path = "clear-task-solutions-mobile/Plugins/cordova-plugin-fcm/FirebaseCore.framework"; sourceTree = "<group>"; };
		D998D88422824DDFB2B12E31 /* AppDelegate+FCMPlugin.h */ = {isa = PBXFileReference; explicitFileType = undefined; fileEncoding = 4; includeInIndex = 0; lastKnownFileType = sourcecode.c.h; name = "AppDelegate+FCMPlugin.h"; path = "cordova-plugin-fcm/AppDelegate+FCMPlugin.h"; sourceTree = "<group>"; };
		DA00E215BDA94806A3774019 /* CDVReachability.h */ = {isa = PBXFileReference; explicitFileType = undefined; fileEncoding = 4; includeInIndex = 0; lastKnownFileType = sourcecode.c.h; name = CDVReachability.h; path = "cordova-plugin-network-information/CDVReachability.h"; sourceTree = "<group>"; };
		DCD26910EA8344BBB484F633 /* FirebaseAnalytics.framework */ = {isa = PBXFileReference; explicitFileType = undefined; fileEncoding = 9; includeInIndex = 0; lastKnownFileType = wrapper.framework; name = FirebaseAnalytics.framework; path = "clear-task-solutions-mobile/Plugins/cordova-plugin-fcm/FirebaseAnalytics.framework"; sourceTree = "<group>"; };
		DEB5A344D2C8452C9D3FAE12 /* IonicDeploy.h */ = {isa = PBXFileReference; explicitFileType = undefined; fileEncoding = 4; includeInIndex = 0; lastKnownFileType = sourcecode.c.h; name = IonicDeploy.h; path = "cordova-plugin-ionic/IonicDeploy.h"; sourceTree = "<group>"; };
		DFFE34B0BA97461AAA6C4672 /* UNIHTTPStringResponse.h */ = {isa = PBXFileReference; explicitFileType = undefined; fileEncoding = 4; includeInIndex = 0; lastKnownFileType = sourcecode.c.h; name = UNIHTTPStringResponse.h; path = "cordova-plugin-ionic/UNIHTTPStringResponse.h"; sourceTree = "<group>"; };
		E1B21F307EFB48CBA696FACD /* IonicKeyboard.h */ = {isa = PBXFileReference; explicitFileType = undefined; fileEncoding = 4; includeInIndex = 0; lastKnownFileType = sourcecode.c.h; name = IonicKeyboard.h; path = "ionic-plugin-keyboard/IonicKeyboard.h"; sourceTree = "<group>"; };
		E218ECBE430C4D559AC71F1F /* GoogleUtilities.framework */ = {isa = PBXFileReference; explicitFileType = undefined; fileEncoding = 9; includeInIndex = 0; lastKnownFileType = wrapper.framework; name = GoogleUtilities.framework; path = "clear-task-solutions-mobile/Plugins/cordova-plugin-fcm/GoogleUtilities.framework"; sourceTree = "<group>"; };
		E41D30F51B6C466199EBF1C4 /* LaunchNavigator.h */ = {isa = PBXFileReference; explicitFileType = undefined; fileEncoding = 4; includeInIndex = 0; lastKnownFileType = sourcecode.c.h; name = LaunchNavigator.h; path = uk.co.workingedge.phonegap.plugin.launchnavigator/LaunchNavigator.h; sourceTree = "<group>"; };
		E4887C66374048F1A57610D7 /* UNIHTTPRequest.m */ = {isa = PBXFileReference; explicitFileType = undefined; fileEncoding = 4; includeInIndex = 0; lastKnownFileType = sourcecode.c.objc; name = UNIHTTPRequest.m; path = "cordova-plugin-ionic/UNIHTTPRequest.m"; sourceTree = "<group>"; };
		E5166B27B1DE4E80B0326D17 /* CoreBluetooth.framework */ = {isa = PBXFileReference; explicitFileType = undefined; fileEncoding = 9; includeInIndex = 0; lastKnownFileType = wrapper.framework; name = CoreBluetooth.framework; path = System/Library/Frameworks/CoreBluetooth.framework; sourceTree = SDKROOT; };
		E5C0F971EE374E36A9C16843 /* zip.c */ = {isa = PBXFileReference; explicitFileType = undefined; fileEncoding = 9; includeInIndex = 0; lastKnownFileType = unknown; name = zip.c; path = "cordova-plugin-ionic/zip.c"; sourceTree = "<group>"; };
		E64BF5D41CD444758B71080B /* FCMPlugin.h */ = {isa = PBXFileReference; explicitFileType = undefined; fileEncoding = 4; includeInIndex = 0; lastKnownFileType = sourcecode.c.h; name = FCMPlugin.h; path = "cordova-plugin-fcm/FCMPlugin.h"; sourceTree = "<group>"; };
		E717A59EBAE148499F1B6C5E /* DownloadManager.h */ = {isa = PBXFileReference; explicitFileType = undefined; fileEncoding = 4; includeInIndex = 0; lastKnownFileType = sourcecode.c.h; name = DownloadManager.h; path = "cordova-plugin-ionic/DownloadManager.h"; sourceTree = "<group>"; };
		E766FBCC36F64464B9D26059 /* gzwrite.c */ = {isa = PBXFileReference; explicitFileType = undefined; fileEncoding = 9; includeInIndex = 0; lastKnownFileType = unknown; name = gzwrite.c; path = "cordova-plugin-ionic/gzwrite.c"; sourceTree = "<group>"; };
		E87B25593FFF4122A1E60FB7 /* libz.tbd */ = {isa = PBXFileReference; explicitFileType = undefined; fileEncoding = 9; includeInIndex = 0; lastKnownFileType = "sourcecode.text-based-dylib-definition"; name = libz.tbd; path = usr/lib/libz.tbd; sourceTree = SDKROOT; };
		E8E917C32D934580930655F8 /* CDVSplashScreen+IonicDeploy.h */ = {isa = PBXFileReference; explicitFileType = undefined; fileEncoding = 4; includeInIndex = 0; lastKnownFileType = sourcecode.c.h; name = "CDVSplashScreen+IonicDeploy.h"; path = "cordova-plugin-ionic/CDVSplashScreen+IonicDeploy.h"; sourceTree = "<group>"; };
		E9755068D8E54C23822E7F63 /* CoreLocation.framework */ = {isa = PBXFileReference; explicitFileType = undefined; fileEncoding = 9; includeInIndex = 0; lastKnownFileType = wrapper.framework; name = CoreLocation.framework; path = System/Library/Frameworks/CoreLocation.framework; sourceTree = SDKROOT; };
		EB87FDF31871DA8E0020F90C /* www */ = {isa = PBXFileReference; lastKnownFileType = folder; name = www; path = ../../www; sourceTree = "<group>"; };
		EB87FDF41871DAF40020F90C /* config.xml */ = {isa = PBXFileReference; lastKnownFileType = text.xml; name = config.xml; path = ../../config.xml; sourceTree = "<group>"; };
		ECC5DF2C769D43FAA99CF922 /* inflate.h */ = {isa = PBXFileReference; explicitFileType = undefined; fileEncoding = 4; includeInIndex = 0; lastKnownFileType = sourcecode.c.h; name = inflate.h; path = "cordova-plugin-ionic/inflate.h"; sourceTree = "<group>"; };
		ED33DF2A687741AEAF9F8254 /* Bridging-Header.h */ = {isa = PBXFileReference; fileEncoding = 4; lastKnownFileType = sourcecode.c.h; path = "Bridging-Header.h"; sourceTree = "<group>"; };
		EE3B86964D7A465BAEC22640 /* crc32.h */ = {isa = PBXFileReference; explicitFileType = undefined; fileEncoding = 4; includeInIndex = 0; lastKnownFileType = sourcecode.c.h; name = crc32.h; path = "cordova-plugin-ionic/crc32.h"; sourceTree = "<group>"; };
		EF98431D78EA4258AB1116AD /* ImageIO.framework */ = {isa = PBXFileReference; explicitFileType = undefined; fileEncoding = 9; includeInIndex = 0; lastKnownFileType = wrapper.framework; name = ImageIO.framework; path = System/Library/Frameworks/ImageIO.framework; sourceTree = SDKROOT; };
		F4187E77E04D4BE9986C6284 /* UNIUrlConnection.h */ = {isa = PBXFileReference; explicitFileType = undefined; fileEncoding = 4; includeInIndex = 0; lastKnownFileType = sourcecode.c.h; name = UNIUrlConnection.h; path = "cordova-plugin-ionic/UNIUrlConnection.h"; sourceTree = "<group>"; };
		F5737B6450694749AACA7E5F /* Base64.h */ = {isa = PBXFileReference; explicitFileType = undefined; fileEncoding = 4; includeInIndex = 0; lastKnownFileType = sourcecode.c.h; name = Base64.h; path = "cordova-plugin-ionic/Base64.h"; sourceTree = "<group>"; };
		F6274B541AC645698CD929AE /* CDVInAppBrowser.m */ = {isa = PBXFileReference; explicitFileType = undefined; fileEncoding = 4; includeInIndex = 0; lastKnownFileType = sourcecode.c.objc; name = CDVInAppBrowser.m; path = "cordova-plugin-inappbrowser/CDVInAppBrowser.m"; sourceTree = "<group>"; };
		F68983C9D96F410EA7C91586 /* gzread.c */ = {isa = PBXFileReference; explicitFileType = undefined; fileEncoding = 9; includeInIndex = 0; lastKnownFileType = unknown; name = gzread.c; path = "cordova-plugin-ionic/gzread.c"; sourceTree = "<group>"; };
		F6F31B8A0EE148DA9F77FCB2 /* deflate.c */ = {isa = PBXFileReference; explicitFileType = undefined; fileEncoding = 9; includeInIndex = 0; lastKnownFileType = unknown; name = deflate.c; path = "cordova-plugin-ionic/deflate.c"; sourceTree = "<group>"; };
		F7EDFD17CFC2456C8B3CD890 /* GoogleSymbolUtilities.framework */ = {isa = PBXFileReference; explicitFileType = undefined; fileEncoding = 9; includeInIndex = 0; lastKnownFileType = wrapper.framework; name = GoogleSymbolUtilities.framework; path = "clear-task-solutions-mobile/Plugins/cordova-plugin-fcm/GoogleSymbolUtilities.framework"; sourceTree = "<group>"; };
		F840E1F0165FE0F500CFE078 /* config.xml */ = {isa = PBXFileReference; lastKnownFileType = text.xml; name = config.xml; path = "clear-task-solutions-mobile/config.xml"; sourceTree = "<group>"; };
		F9BD766EC38C412786F66D81 /* IonicDeploy.m */ = {isa = PBXFileReference; explicitFileType = undefined; fileEncoding = 4; includeInIndex = 0; lastKnownFileType = sourcecode.c.objc; name = IonicDeploy.m; path = "cordova-plugin-ionic/IonicDeploy.m"; sourceTree = "<group>"; };
		FC07FC866C664F83824B06FB /* trees.h */ = {isa = PBXFileReference; explicitFileType = undefined; fileEncoding = 4; includeInIndex = 0; lastKnownFileType = sourcecode.c.h; name = trees.h; path = "cordova-plugin-ionic/trees.h"; sourceTree = "<group>"; };
		FD0F1C88EEC24619ACB2DA90 /* CDVConnection.m */ = {isa = PBXFileReference; explicitFileType = undefined; fileEncoding = 4; includeInIndex = 0; lastKnownFileType = sourcecode.c.objc; name = CDVConnection.m; path = "cordova-plugin-network-information/CDVConnection.m"; sourceTree = "<group>"; };
/* End PBXFileReference section */

/* Begin PBXFrameworksBuildPhase section */
		1D60588F0D05DD3D006BFB54 /* Frameworks */ = {
			isa = PBXFrameworksBuildPhase;
			buildActionMask = 2147483647;
			files = (
				301BF552109A68D80062928A /* libCordova.a in Frameworks */,
				99D6C3A6958F4CCEAABC4403 /* ImageIO.framework in Frameworks */,
				B2C356956855433CB2562F7E /* CoreLocation.framework in Frameworks */,
				9746B9DFA1584DFA8FF894EB /* AVFoundation.framework in Frameworks */,
				DD0988857341409B94859F7A /* FirebaseAnalytics.framework in Frameworks */,
				66967D9902E24828AE0AA21F /* FirebaseCore.framework in Frameworks */,
				EC6483D7FDEF459EA60D2366 /* FirebaseInstanceID.framework in Frameworks */,
				A384C84C17504AEE9479B672 /* FirebaseMessaging.framework in Frameworks */,
				F5BDA3F5135146189DFAF6F8 /* GoogleInterchangeUtilities.framework in Frameworks */,
				85E540E13C5C4458B2D36A60 /* GoogleIPhoneUtilities.framework in Frameworks */,
				FE31D8F982C44CDEBA6D2492 /* GoogleSymbolUtilities.framework in Frameworks */,
				6DAE106635D64F73A1777C74 /* GoogleUtilities.framework in Frameworks */,
				141DDED68E0C4504B3C38183 /* libc++.tbd in Frameworks */,
				5A0632C8887240C8956B349C /* libz.tbd in Frameworks */,
				5AF52A401069487791169CFD /* AddressBook.framework in Frameworks */,
				D1DED9730DA74B7CB159767E /* libsqlite3.0.tbd in Frameworks */,
				25EFC0ED8B7349928E33DE2B /* Security.framework in Frameworks */,
				CD882EB05B7448DC8B111F63 /* SystemConfiguration.framework in Frameworks */,
				66F8ACC822264CDE9FD62914 /* CoreTelephony.framework in Frameworks */,
				76471460E7E74F619D17FCD9 /* CoreBluetooth.framework in Frameworks */,
				3F66AC831AD849D6A40149AA /* CoreMotion.framework in Frameworks */,
				880356E73E72409DA7A4AB9D /* Photos.framework in Frameworks */,
				D9E1A205B1C449B6B80544E3 /* EventKit.framework in Frameworks */,
				2B78B9E7D9414F9C8F366708 /* Contacts.framework in Frameworks */,
				F117C2F0FE464FEBB51BB67A /* UserNotifications.framework in Frameworks */,
				FF2CB93ED68C4809B3C33AAC /* MapKit.framework in Frameworks */,
			);
			runOnlyForDeploymentPostprocessing = 0;
		};
/* End PBXFrameworksBuildPhase section */

/* Begin PBXGroup section */
		080E96DDFE201D6D7F000001 /* Classes */ = {
			isa = PBXGroup;
			children = (
				302D95EE14D2391D003F00A1 /* MainViewController.h */,
				302D95EF14D2391D003F00A1 /* MainViewController.m */,
				302D95F014D2391D003F00A1 /* MainViewController.xib */,
				1D3623240D0F684500981E51 /* AppDelegate.h */,
				1D3623250D0F684500981E51 /* AppDelegate.m */,
			);
			name = Classes;
			path = "clear-task-solutions-mobile/Classes";
			sourceTree = SOURCE_ROOT;
		};
		19C28FACFE9D520D11CA2CBB /* Products */ = {
			isa = PBXGroup;
			children = (
				1D6058910D05DD3D006BFB54 /* clear-task-solutions-mobile.app */,
			);
			name = Products;
			sourceTree = "<group>";
		};
		29B97314FDCFA39411CA2CEA /* CustomTemplate */ = {
			isa = PBXGroup;
			children = (
				D07DB58A1FCF68F6007BA36B /* clear-task-solutions-mobile.entitlements */,
				EB87FDF41871DAF40020F90C /* config.xml */,
				EB87FDF31871DA8E0020F90C /* www */,
				EB87FDF11871DA420020F90C /* Staging */,
				301BF52D109A57CC0062928A /* CordovaLib/CordovaLib.xcodeproj */,
				080E96DDFE201D6D7F000001 /* Classes */,
				307C750510C5A3420062BCA9 /* Plugins */,
				29B97315FDCFA39411CA2CEA /* Other Sources */,
				29B97317FDCFA39411CA2CEA /* Resources */,
				29B97323FDCFA39411CA2CEA /* Frameworks */,
				19C28FACFE9D520D11CA2CBB /* Products */,
			);
			name = CustomTemplate;
			sourceTree = "<group>";
		};
		29B97315FDCFA39411CA2CEA /* Other Sources */ = {
			isa = PBXGroup;
			children = (
				32CA4F630368D1EE00C91783 /* clear-task-solutions-mobile-Prefix.pch */,
				29B97316FDCFA39411CA2CEA /* main.m */,
				ED33DF2A687741AEAF9F8254 /* Bridging-Header.h */,
			);
			name = "Other Sources";
			path = "clear-task-solutions-mobile";
			sourceTree = "<group>";
		};
		29B97317FDCFA39411CA2CEA /* Resources */ = {
			isa = PBXGroup;
			children = (
				0207DA571B56EA530066E2B4 /* Images.xcassets */,
				3047A50E1AB8057F00498E2A /* config */,
				8D1107310486CEB800E47090 /* clear-task-solutions-mobile-Info.plist */,
				6AFF5BF81D6E424B00AB3073 /* CDVLaunchScreen.storyboard */,
				45A827C3D41A4A2C84A3678F /* GoogleService-Info.plist */,
				05C3EDFDAC5D4F44B47D002A /* GoogleService-Info.plist */,
			);
			name = Resources;
			path = "clear-task-solutions-mobile/Resources";
			sourceTree = "<group>";
		};
		29B97323FDCFA39411CA2CEA /* Frameworks */ = {
			isa = PBXGroup;
			children = (
				EF98431D78EA4258AB1116AD /* ImageIO.framework */,
				E9755068D8E54C23822E7F63 /* CoreLocation.framework */,
				AEEF0B7858234E6CA7CA07EB /* AVFoundation.framework */,
				DCD26910EA8344BBB484F633 /* FirebaseAnalytics.framework */,
				D66095E347BF42DB9C198B99 /* FirebaseCore.framework */,
				5439740085D54787BD6A7B8E /* FirebaseInstanceID.framework */,
				9467D405E9504A2B85E47A5C /* FirebaseMessaging.framework */,
				4974E70448EE4D6CAF94731B /* GoogleInterchangeUtilities.framework */,
				032FB043AC574736AD1594DC /* GoogleIPhoneUtilities.framework */,
				F7EDFD17CFC2456C8B3CD890 /* GoogleSymbolUtilities.framework */,
				E218ECBE430C4D559AC71F1F /* GoogleUtilities.framework */,
				BEC86E58CA2E49C7B572E470 /* libc++.tbd */,
				E87B25593FFF4122A1E60FB7 /* libz.tbd */,
				46971A16FEED499CB9D510E8 /* AddressBook.framework */,
				87BD5F2F9A2F4C5D8E30BC46 /* libsqlite3.0.tbd */,
				AF3D9009E1744C08BF64878F /* Security.framework */,
				997C53793F2048DF993F5D08 /* SystemConfiguration.framework */,
				1E8B17E32B70469A8CE2A3D7 /* CoreTelephony.framework */,
				E5166B27B1DE4E80B0326D17 /* CoreBluetooth.framework */,
				4D63AB0452794E64A096307C /* CoreMotion.framework */,
				060D82E663B44BB7B4037C24 /* Photos.framework */,
				16FD35069A7143599A1622FA /* EventKit.framework */,
				C037AAF785724E6D9CB1D143 /* Contacts.framework */,
				89DB679E376B4AAB90332FDE /* UserNotifications.framework */,
				46EDD80FD22F42BFA3244B42 /* MapKit.framework */,
			);
			name = Frameworks;
			sourceTree = "<group>";
		};
		301BF52E109A57CC0062928A /* Products */ = {
			isa = PBXGroup;
			children = (
				301BF535109A57CC0062928A /* libCordova.a */,
				D07DB5891FCF68D8007BA36B /* Cordova.framework */,
			);
			name = Products;
			sourceTree = "<group>";
		};
		3047A50E1AB8057F00498E2A /* config */ = {
			isa = PBXGroup;
			children = (
				3047A50F1AB8059700498E2A /* build-debug.xcconfig */,
				3047A5101AB8059700498E2A /* build-release.xcconfig */,
				3047A5111AB8059700498E2A /* build.xcconfig */,
			);
			name = config;
			sourceTree = "<group>";
		};
		307C750510C5A3420062BCA9 /* Plugins */ = {
			isa = PBXGroup;
			children = (
				4307FE319D174F03BA9EF8F3 /* ActionSheet.m */,
				7A1FD4F4388C4EC483F9054E /* ActionSheet.h */,
				B7E9F3EE148442E585AA475D /* APPBadge.m */,
				837AD7A24EE349C3A393E1E8 /* APPBadge.h */,
				C5BC7CB78DEA4A138C2D02A8 /* UIImage+CropScaleOrientation.m */,
				971692CB81C24136916C3816 /* CDVCamera.m */,
				568D4DE472BC42F49658BCDE /* CDVJpegHeaderWriter.m */,
				2DD2099ABDC3471383866426 /* UIImage+CropScaleOrientation.h */,
				86993932DD9E4D5BB065AD7F /* CDVCamera.h */,
				986841344EEB4FE88C8DEE80 /* CDVJpegHeaderWriter.h */,
				A5373B83161D4410BDA936FA /* CDVExif.h */,
				CAEAD797ED884F0F913D0258 /* FCMPlugin.m */,
				B2B1462908D54353AABD9BEA /* AppDelegate+FCMPlugin.m */,
				E64BF5D41CD444758B71080B /* FCMPlugin.h */,
				D998D88422824DDFB2B12E31 /* AppDelegate+FCMPlugin.h */,
				ABADC1B94F334FF79F9BD015 /* Firebase.h */,
				6ADF72C965E440AFB9ED1E40 /* CDVFile.m */,
				85D48E96D78A47648B399929 /* CDVLocalFilesystem.m */,
				6AB952F3FF11415CAD17D21A /* CDVAssetLibraryFilesystem.m */,
				7483DE48FABA4F0EBBEDB36B /* CDVFile.h */,
				29D696E3D5CF4296A855FBE4 /* CDVLocalFilesystem.h */,
				AE670C57F3DF4FF590B38D12 /* CDVAssetLibraryFilesystem.h */,
				874E4FA77EA64D36B51AA6C9 /* FileOpener2.m */,
				948465006A104D83B44DAD0C /* FileOpener2.h */,
				AF93482CD35744D8B2FB2090 /* CDVFileTransfer.m */,
				C7AE305ABDBD4CA494BBE472 /* CDVFileTransfer.h */,
				84A9D37B4B3C4748A2BC10AD /* CDVLocation.m */,
				475D7FFE03154D3C87227FDE /* CDVLocation.h */,
				F6274B541AC645698CD929AE /* CDVInAppBrowser.m */,
				6C5D0D46C3A141E1A0E87DB9 /* CDVInAppBrowser.h */,
				7D0FAD1B8B3842BE9C7F228B /* CDVSplashScreen.m */,
				B4F8289BB8EE4C1484A0E396 /* CDVViewController+SplashScreen.m */,
				A18D77A89AFA4DEB87ACDA9E /* CDVSplashScreen.h */,
				A78C93BC02EC46E6A39AF3FE /* CDVViewController+SplashScreen.h */,
				5387E3E685384BAFB9AE8FA1 /* CDVSplashScreen+IonicDeploy.m */,
				D2A8B9EADAB448328F45E2BB /* IonicConstant.m */,
				F9BD766EC38C412786F66D81 /* IonicDeploy.m */,
				08582D9851984D51A6C55EA9 /* Download.m */,
				7A01BA6CA81648C181EF6E65 /* DownloadManager.m */,
				94A7A9FD35F04FBCBCB4838F /* SSZipArchive.m */,
				57859DB2BC374B13BC671AB6 /* ioapi.c */,
				B8AE6C766B6647259F8264E5 /* unzip.c */,
				E5C0F971EE374E36A9C16843 /* zip.c */,
				1B2DCB0758E04201B05D2EE2 /* adler32.c */,
				B32FF15CEC784B469F59F5FE /* compress.c */,
				23D7A8B8EF6F40CB99499368 /* crc32.c */,
				F6F31B8A0EE148DA9F77FCB2 /* deflate.c */,
				7D3962B40B7F4FB1B28C2311 /* gzclose.c */,
				22F99047ECE04E27B514973A /* gzlib.c */,
				F68983C9D96F410EA7C91586 /* gzread.c */,
				E766FBCC36F64464B9D26059 /* gzwrite.c */,
				6ADECD0C4A524D04B09D32B8 /* infback.c */,
				8FEDCE3463554DF39609997D /* inffast.c */,
				6BC88AE5E08E45F8BBF41408 /* inflate.c */,
				3263238311104B19AD6C9D25 /* inftrees.c */,
				15A37105FAC8496DB837D783 /* trees.c */,
				5CDC014B7D4948D0B7215253 /* uncompr.c */,
				8096E65C09194E6D899F0C79 /* zutil.c */,
				6052117EA63947B981F98F49 /* Base64.m */,
				CB5A95AEA5F1469BAB490731 /* UNIHTTPClientHelper.m */,
				E4887C66374048F1A57610D7 /* UNIHTTPRequest.m */,
				B4F5450D1B904A0F87E72708 /* UNIHTTPRequestWithBody.m */,
				03F87469721441F78A4A9B0C /* UNIRest.m */,
				419296E5EB294FCDA3868B32 /* UNIUrlConnection.m */,
				5C8AE501F29643A89EB3E932 /* UNIBaseRequest.m */,
				5551F2B580534BD09DA9500D /* UNIBodyRequest.m */,
				AF92EFA86A0D4390B9B0B11A /* UNISimpleRequest.m */,
				28B2AB0922AD420DA8CCF145 /* UNIHTTPBinaryResponse.m */,
				68A66F393B76496FB463F989 /* UNIHTTPJsonResponse.m */,
				1FF7FBD01A7F4B3092354376 /* UNIHTTPResponse.m */,
				4BF4E334FEE34BB2AA728AF4 /* UNIHTTPStringResponse.m */,
				87FCC3EC8042439F92270337 /* UNIJsonNode.m */,
				6A76C49CC85044F1AAD888D3 /* IonicCordovaCommon.swift */,
				E8E917C32D934580930655F8 /* CDVSplashScreen+IonicDeploy.h */,
				69590176EE9F4FEAA4A78FAE /* IonicConstant.h */,
				DEB5A344D2C8452C9D3FAE12 /* IonicDeploy.h */,
				B1EE6D72F91F4627B0B36DAB /* Download.h */,
				E717A59EBAE148499F1B6C5E /* DownloadManager.h */,
				C03E5BA1E32C4F94B78B5DED /* SSZipArchive.h */,
				BC25A985AE494DDF83E5C6A8 /* ARCHelper.h */,
				06DB0779E8F044DDA0424586 /* crypt.h */,
				09EA55F4750C45CE9FDF74CB /* ioapi.h */,
				9901E76354EE4933981629A2 /* unzip.h */,
				6AE4678DA85847999344E9DA /* zip.h */,
				EE3B86964D7A465BAEC22640 /* crc32.h */,
				28CF57F422154148841EE499 /* deflate.h */,
				997FBD4DB21B47C4A41B93E8 /* gzguts.h */,
				0EB86CCD8D46495090C7A244 /* inffast.h */,
				B61CC41CC0094F5CB6CDC442 /* inffixed.h */,
				ECC5DF2C769D43FAA99CF922 /* inflate.h */,
				259BA3EBF9A84734ADF84450 /* inftrees.h */,
				FC07FC866C664F83824B06FB /* trees.h */,
				5A1A6F94A0A9493DB7D8A983 /* zconf.h */,
				62D7D4E446114C79AABF7238 /* zlib.h */,
				37E7139F0C5D42718792DCFB /* zutil.h */,
				F5737B6450694749AACA7E5F /* Base64.h */,
				5CC5BF68A826486E88FCD30C /* UNIHTTPClientHelper.h */,
				D4AB49F5E47C430DB7809C3B /* UNIHTTPRequest.h */,
				D30C087AAB8C4E3F81E77685 /* UNIHTTPRequestWithBody.h */,
				917885ACC76442BC97572B4A /* Unirest-Prefix.pch */,
				CD6A624F3ADC47B4A1434497 /* UNIRest.h */,
				F4187E77E04D4BE9986C6284 /* UNIUrlConnection.h */,
				74882A2BF90F48FC9B040FA6 /* UNIBaseRequest.h */,
				C4B7CA51BFBC41A88B6C8163 /* UNIBodyRequest.h */,
				26087695B7A64829B290BD6D /* UNISimpleRequest.h */,
				978A507C97A64373A42E1B10 /* UNIHTTPBinaryResponse.h */,
				A5DE7A4F5CE8474A8F46E018 /* UNIHTTPJsonResponse.h */,
				796094A9B2F64D17BB6E42FB /* UNIHTTPResponse.h */,
				DFFE34B0BA97461AAA6C4672 /* UNIHTTPStringResponse.h */,
				4D19434D8519411A9CE77083 /* UNIJsonNode.h */,
				FD0F1C88EEC24619ACB2DA90 /* CDVConnection.m */,
				6A217C1822A5450DAB8FED4D /* CDVReachability.m */,
				8B13C1D011C844ACAA477792 /* CDVConnection.h */,
				DA00E215BDA94806A3774019 /* CDVReachability.h */,
				014C685B2D3B49D5B35ACCC4 /* Sim.m */,
				76D378F2C3EC42B985B633AF /* Sim.h */,
				5EAA1D2757924553A8BA9EED /* CDVStatusBar.m */,
				1CFCB6F570A44DB08A834FCC /* CDVStatusBar.h */,
				A2099F3F28E343B88CEA34E6 /* Diagnostic.m */,
				B0BB3531C85C4FABBDE39E28 /* Diagnostic.h */,
				2F5A445BF6AD4BB5ABB93D33 /* IonicKeyboard.m */,
				E1B21F307EFB48CBA696FACD /* IonicKeyboard.h */,
				BB178273FDCD4293B043856A /* CFCallNumber.m */,
				77F85F763BE84972AE3A894A /* CFCallNumber.h */,
				ACFA3633C4C14844BF99D789 /* CMMapLauncher.m */,
				CBF5EF63BE1943C699A69151 /* LaunchNavigator.m */,
				44B45941EFF24F95AAB8B50A /* CMMapLauncher.h */,
				E41D30F51B6C466199EBF1C4 /* LaunchNavigator.h */,
			);
			name = Plugins;
			path = "clear-task-solutions-mobile/Plugins";
			sourceTree = SOURCE_ROOT;
		};
		EB87FDF11871DA420020F90C /* Staging */ = {
			isa = PBXGroup;
			children = (
				F840E1F0165FE0F500CFE078 /* config.xml */,
				301BF56E109A69640062928A /* www */,
			);
			name = Staging;
			sourceTree = "<group>";
		};
/* End PBXGroup section */

/* Begin PBXNativeTarget section */
		1D6058900D05DD3D006BFB54 /* clear-task-solutions-mobile */ = {
			isa = PBXNativeTarget;
			buildConfigurationList = 1D6058960D05DD3E006BFB54 /* Build configuration list for PBXNativeTarget "clear-task-solutions-mobile" */;
			buildPhases = (
				304B58A110DAC018002A0835 /* Copy www directory */,
				1D60588D0D05DD3D006BFB54 /* Resources */,
				1D60588E0D05DD3D006BFB54 /* Sources */,
				1D60588F0D05DD3D006BFB54 /* Frameworks */,
			);
			buildRules = (
			);
			dependencies = (
				301BF551109A68C00062928A /* PBXTargetDependency */,
			);
			name = "clear-task-solutions-mobile";
			productName = "clear-task-solutions-mobile";
			productReference = 1D6058910D05DD3D006BFB54 /* clear-task-solutions-mobile.app */;
			productType = "com.apple.product-type.application";
		};
/* End PBXNativeTarget section */

/* Begin PBXProject section */
		29B97313FDCFA39411CA2CEA /* Project object */ = {
			isa = PBXProject;
			attributes = {
				LastUpgradeCheck = 510;
				TargetAttributes = {
					1D6058900D05DD3D006BFB54 = {
						DevelopmentTeam = K6RRZ5B6FL;
						ProvisioningStyle = Manual;
						SystemCapabilities = {
							com.apple.Push = {
								enabled = 1;
							};
						};
					};
				};
			};
			buildConfigurationList = C01FCF4E08A954540054247B /* Build configuration list for PBXProject "clear-task-solutions-mobile" */;
			compatibilityVersion = "Xcode 3.2";
			developmentRegion = English;
			hasScannedForEncodings = 1;
			knownRegions = (
				en,
			);
			mainGroup = 29B97314FDCFA39411CA2CEA /* CustomTemplate */;
			projectDirPath = "";
			projectReferences = (
				{
					ProductGroup = 301BF52E109A57CC0062928A /* Products */;
					ProjectRef = 301BF52D109A57CC0062928A /* CordovaLib/CordovaLib.xcodeproj */;
				},
			);
			projectRoot = "";
			targets = (
				1D6058900D05DD3D006BFB54 /* clear-task-solutions-mobile */,
			);
		};
/* End PBXProject section */

/* Begin PBXReferenceProxy section */
		301BF535109A57CC0062928A /* libCordova.a */ = {
			isa = PBXReferenceProxy;
			fileType = archive.ar;
			path = libCordova.a;
			remoteRef = 301BF534109A57CC0062928A /* PBXContainerItemProxy */;
			sourceTree = BUILT_PRODUCTS_DIR;
		};
		D07DB5891FCF68D8007BA36B /* Cordova.framework */ = {
			isa = PBXReferenceProxy;
			fileType = wrapper.framework;
			path = Cordova.framework;
			remoteRef = D07DB5881FCF68D8007BA36B /* PBXContainerItemProxy */;
			sourceTree = BUILT_PRODUCTS_DIR;
		};
/* End PBXReferenceProxy section */

/* Begin PBXResourcesBuildPhase section */
		1D60588D0D05DD3D006BFB54 /* Resources */ = {
			isa = PBXResourcesBuildPhase;
			buildActionMask = 2147483647;
			files = (
				302D95F214D2391D003F00A1 /* MainViewController.xib in Resources */,
				0207DA581B56EA530066E2B4 /* Images.xcassets in Resources */,
				6AFF5BF91D6E424B00AB3073 /* CDVLaunchScreen.storyboard in Resources */,
				B3C4FEA11DDC4B1FBEF73794 /* GoogleService-Info.plist in Resources */,
			);
			runOnlyForDeploymentPostprocessing = 0;
		};
/* End PBXResourcesBuildPhase section */

/* Begin PBXShellScriptBuildPhase section */
		304B58A110DAC018002A0835 /* Copy www directory */ = {
			isa = PBXShellScriptBuildPhase;
			buildActionMask = 2147483647;
			files = (
			);
			inputPaths = (
			);
			name = "Copy www directory";
			outputPaths = (
			);
			runOnlyForDeploymentPostprocessing = 0;
			shellPath = /bin/sh;
			shellScript = "NODEJS_PATH=/usr/local/bin; NVM_NODE_PATH=~/.nvm/versions/node/`nvm version 2>/dev/null`/bin; N_NODE_PATH=`find /usr/local/n/versions/node/* -maxdepth 0 -type d 2>/dev/null | tail -1`/bin; XCODE_NODE_PATH=`xcode-select --print-path`/usr/share/xcs/Node/bin; PATH=$NODEJS_PATH:$NVM_NODE_PATH:$N_NODE_PATH:$XCODE_NODE_PATH:$PATH && node cordova/lib/copy-www-build-step.js";
			showEnvVarsInLog = 0;
		};
/* End PBXShellScriptBuildPhase section */

/* Begin PBXSourcesBuildPhase section */
		1D60588E0D05DD3D006BFB54 /* Sources */ = {
			isa = PBXSourcesBuildPhase;
			buildActionMask = 2147483647;
			files = (
				1D60589B0D05DD56006BFB54 /* main.m in Sources */,
				1D3623260D0F684500981E51 /* AppDelegate.m in Sources */,
				302D95F114D2391D003F00A1 /* MainViewController.m in Sources */,
				44D2E6B9A7274349AFAE32EA /* ActionSheet.m in Sources */,
				E194816B9F204C4889AC8AC0 /* APPBadge.m in Sources */,
				35E47B1302F74F1E857B6E38 /* UIImage+CropScaleOrientation.m in Sources */,
				B3E2B7E70D5F4461887DD435 /* CDVCamera.m in Sources */,
				7E92DE8872A6474B90721DE0 /* CDVJpegHeaderWriter.m in Sources */,
				278A5A30E4044D21823D6DE0 /* FCMPlugin.m in Sources */,
				F287FAFCA27F4AD5A8989A4D /* AppDelegate+FCMPlugin.m in Sources */,
				B6376FEC4A0543D78BE44901 /* CDVFile.m in Sources */,
				F1076C61DACC4C71B0C9F598 /* CDVLocalFilesystem.m in Sources */,
				1E59B7B66D594316BF1B67A9 /* CDVAssetLibraryFilesystem.m in Sources */,
				731C69ABAC0A4DCBA5E7E912 /* FileOpener2.m in Sources */,
				463DF58CDE6A41029C727DCF /* CDVFileTransfer.m in Sources */,
				51F50D7CB7794A20B5FB7BAA /* CDVLocation.m in Sources */,
				E31B114EA18C4D7A91334F50 /* CDVInAppBrowser.m in Sources */,
				D8665ADD894C4405A13219E9 /* CDVSplashScreen.m in Sources */,
				F38E6E5D065545EC903FAFF1 /* CDVViewController+SplashScreen.m in Sources */,
				E626DB35119B4EBE95E1289B /* CDVSplashScreen+IonicDeploy.m in Sources */,
				306980C5A6974F79AFD4EE8E /* IonicConstant.m in Sources */,
				BF64266F753E4F2F88B5C6F2 /* IonicDeploy.m in Sources */,
				E8DB598448904518AC2E8E30 /* Download.m in Sources */,
				09A5861201124666A5E3D78D /* DownloadManager.m in Sources */,
				DC0B2D2596BE4F1CA1C397DD /* SSZipArchive.m in Sources */,
				3612F38646994796A6779E44 /* ioapi.c in Sources */,
				FA7C0DE88D724F229A9F0D11 /* unzip.c in Sources */,
				E08FB3CEC2034623A9E03158 /* zip.c in Sources */,
				DC414D9F7FA046289027D990 /* adler32.c in Sources */,
				63408711501944938A4FD87A /* compress.c in Sources */,
				717A4B48382A4F3D8A84C29E /* crc32.c in Sources */,
				FE9A4936FC2748088D9BFEEF /* deflate.c in Sources */,
				D759400D897A44C5BB4AAF5B /* gzclose.c in Sources */,
				F6DFDBE108F0474491C1E21B /* gzlib.c in Sources */,
				757F71CE695749DD83816263 /* gzread.c in Sources */,
				A52D5DDAACB74E1C9875EF90 /* gzwrite.c in Sources */,
				81E4E01192904700825C9A53 /* infback.c in Sources */,
				8C55DE4C3FEB45279D4EEF58 /* inffast.c in Sources */,
				5A0C8D49784C4134A2CB7427 /* inflate.c in Sources */,
				B9CCC1F2B0E640BFA3355869 /* inftrees.c in Sources */,
				543E71CAFF5942CEA4C64027 /* trees.c in Sources */,
				CA9631921D3C45EF9DD057A3 /* uncompr.c in Sources */,
				272C555D2D48407B95BB8C8A /* zutil.c in Sources */,
				05D86B3524F34E0CB2FEF731 /* Base64.m in Sources */,
				B8C22E758E18466DB5F3E7C5 /* UNIHTTPClientHelper.m in Sources */,
				8C2ECB2A0B694A25B91C934B /* UNIHTTPRequest.m in Sources */,
				14E8EDD427BD415EB6C15FD3 /* UNIHTTPRequestWithBody.m in Sources */,
				C9F10A0EB6E44C42AE8D9534 /* UNIRest.m in Sources */,
				B36D63BD048347FCA6DB482F /* UNIUrlConnection.m in Sources */,
				17962AFAADB041E48124D621 /* UNIBaseRequest.m in Sources */,
				EDFB9361E039451D8DD2A219 /* UNIBodyRequest.m in Sources */,
				AC5A895176D04F5AAE879527 /* UNISimpleRequest.m in Sources */,
				0CF424ECAA2A42DD9AE4DB80 /* UNIHTTPBinaryResponse.m in Sources */,
				16021BD4D01D423190BEC049 /* UNIHTTPJsonResponse.m in Sources */,
				DC585BD36FC24FDF8DC9BECE /* UNIHTTPResponse.m in Sources */,
				23E2CB889DF8468680FAE9DE /* UNIHTTPStringResponse.m in Sources */,
				DA6FC281BFA24EBFBEF05624 /* UNIJsonNode.m in Sources */,
				3542DD0BB55C4A43BD581181 /* IonicCordovaCommon.swift in Sources */,
				D338F032B77B44F488C7D993 /* CDVConnection.m in Sources */,
				A605D3496578455D9230464E /* CDVReachability.m in Sources */,
				96ED179E10724B3FB0118A72 /* Sim.m in Sources */,
				142C276259E249D681C2495F /* CDVStatusBar.m in Sources */,
				0987C7255E164F7F983CDC99 /* Diagnostic.m in Sources */,
				813837495FC74960BEBD0263 /* IonicKeyboard.m in Sources */,
				9521FB5BB1AE42A19917CE17 /* CFCallNumber.m in Sources */,
				1C071818D746412B96B4BD84 /* CMMapLauncher.m in Sources */,
				9458F374628A44C38212EB1B /* LaunchNavigator.m in Sources */,
			);
			runOnlyForDeploymentPostprocessing = 0;
		};
/* End PBXSourcesBuildPhase section */

/* Begin PBXTargetDependency section */
		301BF551109A68C00062928A /* PBXTargetDependency */ = {
			isa = PBXTargetDependency;
			name = CordovaLib;
			targetProxy = 301BF550109A68C00062928A /* PBXContainerItemProxy */;
		};
/* End PBXTargetDependency section */

/* Begin XCBuildConfiguration section */
		1D6058940D05DD3E006BFB54 /* Debug */ = {
			isa = XCBuildConfiguration;
			baseConfigurationReference = 3047A50F1AB8059700498E2A /* build-debug.xcconfig */;
			buildSettings = {
				ALWAYS_EMBED_SWIFT_STANDARD_LIBRARIES = YES;
				ALWAYS_SEARCH_USER_PATHS = NO;
				ASSETCATALOG_COMPILER_APPICON_NAME = AppIcon;
				ASSETCATALOG_COMPILER_LAUNCHIMAGE_NAME = LaunchImage;
				CLANG_ENABLE_MODULES = YES;
				CLANG_ENABLE_OBJC_ARC = YES;
				CODE_SIGN_ENTITLEMENTS = "clear-task-solutions-mobile/clear-task-solutions-mobile.entitlements";
				COPY_PHASE_STRIP = NO;
				DEVELOPMENT_TEAM = K6RRZ5B6FL;
				FRAMEWORK_SEARCH_PATHS = (
					"$(inherited)",
					"\"clear-task-solutions-mobile/Plugins/cordova-plugin-fcm\"",
					"\"clear-task-solutions-mobile/Plugins/cordova-plugin-fcm\"",
					"\"clear-task-solutions-mobile/Plugins/cordova-plugin-fcm\"",
					"\"clear-task-solutions-mobile/Plugins/cordova-plugin-fcm\"",
					"\"clear-task-solutions-mobile/Plugins/cordova-plugin-fcm\"",
					"\"clear-task-solutions-mobile/Plugins/cordova-plugin-fcm\"",
					"\"clear-task-solutions-mobile/Plugins/cordova-plugin-fcm\"",
					"\"clear-task-solutions-mobile/Plugins/cordova-plugin-fcm\"",
				);
				GCC_DYNAMIC_NO_PIC = NO;
				GCC_OPTIMIZATION_LEVEL = 0;
				GCC_PRECOMPILE_PREFIX_HEADER = YES;
				GCC_PREFIX_HEADER = "clear-task-solutions-mobile/clear-task-solutions-mobile-Prefix.pch";
				GCC_THUMB_SUPPORT = NO;
				GCC_VERSION = "";
				INFOPLIST_FILE = "clear-task-solutions-mobile/clear-task-solutions-mobile-Info.plist";
				IPHONEOS_DEPLOYMENT_TARGET = 9.0;
				LD_RUNPATH_SEARCH_PATHS = "@executable_path/Frameworks";
				PRODUCT_NAME = "clear-task-solutions-mobile";
				PROVISIONING_PROFILE = "495ed12a-9786-4b41-baca-d62a1fe65502";
				PROVISIONING_PROFILE_SPECIFIER = "CTS-Mobile-iOS";
				SWIFT_OBJC_BRIDGING_HEADER = "$(PROJECT_DIR)/$(PROJECT_NAME)/Bridging-Header.h";
				SWIFT_OPTIMIZATION_LEVEL = "-Onone";
				SWIFT_VERSION = 3.0;
				TARGETED_DEVICE_FAMILY = "1,2";
			};
			name = Debug;
		};
		1D6058950D05DD3E006BFB54 /* Release */ = {
			isa = XCBuildConfiguration;
			baseConfigurationReference = 3047A5101AB8059700498E2A /* build-release.xcconfig */;
			buildSettings = {
				ALWAYS_EMBED_SWIFT_STANDARD_LIBRARIES = YES;
				ALWAYS_SEARCH_USER_PATHS = NO;
				ASSETCATALOG_COMPILER_APPICON_NAME = AppIcon;
				ASSETCATALOG_COMPILER_LAUNCHIMAGE_NAME = LaunchImage;
				CLANG_ENABLE_MODULES = YES;
				CLANG_ENABLE_OBJC_ARC = YES;
				CODE_SIGN_ENTITLEMENTS = "clear-task-solutions-mobile/clear-task-solutions-mobile.entitlements";
				COPY_PHASE_STRIP = YES;
				DEVELOPMENT_TEAM = K6RRZ5B6FL;
				FRAMEWORK_SEARCH_PATHS = (
					"$(inherited)",
					"\"clear-task-solutions-mobile/Plugins/cordova-plugin-fcm\"",
					"\"clear-task-solutions-mobile/Plugins/cordova-plugin-fcm\"",
					"\"clear-task-solutions-mobile/Plugins/cordova-plugin-fcm\"",
					"\"clear-task-solutions-mobile/Plugins/cordova-plugin-fcm\"",
					"\"clear-task-solutions-mobile/Plugins/cordova-plugin-fcm\"",
					"\"clear-task-solutions-mobile/Plugins/cordova-plugin-fcm\"",
					"\"clear-task-solutions-mobile/Plugins/cordova-plugin-fcm\"",
					"\"clear-task-solutions-mobile/Plugins/cordova-plugin-fcm\"",
				);
				GCC_PRECOMPILE_PREFIX_HEADER = YES;
				GCC_PREFIX_HEADER = "clear-task-solutions-mobile/clear-task-solutions-mobile-Prefix.pch";
				GCC_THUMB_SUPPORT = NO;
				GCC_VERSION = "";
				INFOPLIST_FILE = "clear-task-solutions-mobile/clear-task-solutions-mobile-Info.plist";
				IPHONEOS_DEPLOYMENT_TARGET = 9.0;
				LD_RUNPATH_SEARCH_PATHS = "@executable_path/Frameworks";
				PRODUCT_NAME = "clear-task-solutions-mobile";
				PROVISIONING_PROFILE = "b2a4bb40-7f92-4560-8bb4-31e2946345e8";
				PROVISIONING_PROFILE_SPECIFIER = "CTS Field User";
				SWIFT_OBJC_BRIDGING_HEADER = "$(PROJECT_DIR)/$(PROJECT_NAME)/Bridging-Header.h";
				SWIFT_VERSION = 3.0;
				TARGETED_DEVICE_FAMILY = "1,2";
			};
			name = Release;
		};
		C01FCF4F08A954540054247B /* Debug */ = {
			isa = XCBuildConfiguration;
			baseConfigurationReference = 3047A5111AB8059700498E2A /* build.xcconfig */;
			buildSettings = {
				ALWAYS_EMBED_SWIFT_STANDARD_LIBRARIES = YES;
				CLANG_ENABLE_MODULES = YES;
				CLANG_ENABLE_OBJC_ARC = YES;
				CLANG_WARN_BOOL_CONVERSION = YES;
				CLANG_WARN_CONSTANT_CONVERSION = YES;
				CLANG_WARN_EMPTY_BODY = YES;
				CLANG_WARN_ENUM_CONVERSION = YES;
				CLANG_WARN_INT_CONVERSION = YES;
				CLANG_WARN__DUPLICATE_METHOD_MATCH = YES;
				GCC_C_LANGUAGE_STANDARD = c99;
				GCC_THUMB_SUPPORT = NO;
				GCC_VERSION = "";
				GCC_WARN_ABOUT_RETURN_TYPE = YES;
				GCC_WARN_UNDECLARED_SELECTOR = YES;
				GCC_WARN_UNINITIALIZED_AUTOS = YES;
				GCC_WARN_UNUSED_FUNCTION = YES;
				GCC_WARN_UNUSED_VARIABLE = YES;
				ONLY_ACTIVE_ARCH = YES;
				SDKROOT = iphoneos;
				SKIP_INSTALL = NO;
				SWIFT_OBJC_BRIDGING_HEADER = "$(PROJECT_DIR)/$(PROJECT_NAME)/Bridging-Header.h";
				SWIFT_OPTIMIZATION_LEVEL = "-Onone";
				SWIFT_VERSION = 3.0;
			};
			name = Debug;
		};
		C01FCF5008A954540054247B /* Release */ = {
			isa = XCBuildConfiguration;
			baseConfigurationReference = 3047A5111AB8059700498E2A /* build.xcconfig */;
			buildSettings = {
				ALWAYS_EMBED_SWIFT_STANDARD_LIBRARIES = YES;
				CLANG_ENABLE_MODULES = YES;
				CLANG_ENABLE_OBJC_ARC = YES;
				CLANG_WARN_BOOL_CONVERSION = YES;
				CLANG_WARN_CONSTANT_CONVERSION = YES;
				CLANG_WARN_EMPTY_BODY = YES;
				CLANG_WARN_ENUM_CONVERSION = YES;
				CLANG_WARN_INT_CONVERSION = YES;
				CLANG_WARN__DUPLICATE_METHOD_MATCH = YES;
				GCC_C_LANGUAGE_STANDARD = c99;
				GCC_THUMB_SUPPORT = NO;
				GCC_VERSION = "";
				GCC_WARN_ABOUT_RETURN_TYPE = YES;
				GCC_WARN_UNDECLARED_SELECTOR = YES;
				GCC_WARN_UNINITIALIZED_AUTOS = YES;
				GCC_WARN_UNUSED_FUNCTION = YES;
				GCC_WARN_UNUSED_VARIABLE = YES;
				SDKROOT = iphoneos;
				SKIP_INSTALL = NO;
				SWIFT_OBJC_BRIDGING_HEADER = "$(PROJECT_DIR)/$(PROJECT_NAME)/Bridging-Header.h";
				SWIFT_VERSION = 3.0;
			};
			name = Release;
		};
/* End XCBuildConfiguration section */

/* Begin XCConfigurationList section */
		1D6058960D05DD3E006BFB54 /* Build configuration list for PBXNativeTarget "clear-task-solutions-mobile" */ = {
			isa = XCConfigurationList;
			buildConfigurations = (
				1D6058940D05DD3E006BFB54 /* Debug */,
				1D6058950D05DD3E006BFB54 /* Release */,
			);
			defaultConfigurationIsVisible = 0;
			defaultConfigurationName = Release;
		};
		C01FCF4E08A954540054247B /* Build configuration list for PBXProject "clear-task-solutions-mobile" */ = {
			isa = XCConfigurationList;
			buildConfigurations = (
				C01FCF4F08A954540054247B /* Debug */,
				C01FCF5008A954540054247B /* Release */,
			);
			defaultConfigurationIsVisible = 0;
			defaultConfigurationName = Release;
		};
/* End XCConfigurationList section */
	};
	rootObject = 29B97313FDCFA39411CA2CEA /* Project object */;
}
